# This file is generated by running "yarn install" inside your project.
# Manual changes might be lost - proceed with caution!

__metadata:
  version: 7
  cacheKey: 9

"@colors/colors@npm:1.5.0":
  version: 1.5.0
  resolution: "@colors/colors@npm:1.5.0"
  checksum: 5e08870799494f68e5b3b79e9a337bbf5fd7e634904fbbe642769921bf158fe458c41c888f88edf051b78c5325e3339970f00b24e31421c3480bb58f02687218
  languageName: node
  linkType: hard

"@dabh/diagnostics@npm:^2.0.2":
  version: 2.0.3
  resolution: "@dabh/diagnostics@npm:2.0.3"
  dependencies:
    colorspace: "npm:1.1.x"
    enabled: "npm:2.0.x"
    kuler: "npm:^2.0.0"
  checksum: 6e55110ee3d975baaa03dd87bc7bd9acf69242c27436355f6827d3182af09fdd1d249ff4c0635c95ca8ba47f3c2175ada844d1cc93ecb6adf00f12f5a3198697
  languageName: node
  linkType: hard

"@meteor-it/all@workspace:.":
  version: 0.0.0-use.local
  resolution: "@meteor-it/all@workspace:."
  dependencies:
    "@types/node": "npm:^18.11.10"
    "@types/webpack-env": "npm:^1.18.0"
    typescript: "npm:^4.9.3"
  languageName: unknown
  linkType: soft

"@meteor-it/fs@workspace:*, @meteor-it/fs@workspace:packages/fs":
  version: 0.0.0-use.local
  resolution: "@meteor-it/fs@workspace:packages/fs"
  dependencies:
    "@meteor-it/utils": "workspace:*"
  languageName: unknown
  linkType: soft

"@meteor-it/lagmeter@workspace:packages/lagmeter":
  version: 0.0.0-use.local
  resolution: "@meteor-it/lagmeter@workspace:packages/lagmeter"
  languageName: unknown
  linkType: soft

"@meteor-it/mime@workspace:*, @meteor-it/mime@workspace:packages/mime":
  version: 0.0.0-use.local
  resolution: "@meteor-it/mime@workspace:packages/mime"
  languageName: unknown
  linkType: soft

"@meteor-it/plugin-loader@workspace:packages/plugin-loader":
  version: 0.0.0-use.local
  resolution: "@meteor-it/plugin-loader@workspace:packages/plugin-loader"
  dependencies:
    "@meteor-it/fs": "workspace:*"
    "@meteor-it/queue": "workspace:*"
    "@meteor-it/utils": "workspace:*"
    winston: "npm:^3.3.3"
  languageName: unknown
  linkType: soft

"@meteor-it/queue@workspace:*, @meteor-it/queue@workspace:packages/queue":
  version: 0.0.0-use.local
  resolution: "@meteor-it/queue@workspace:packages/queue"
  languageName: unknown
  linkType: soft

"@meteor-it/random@workspace:packages/random":
  version: 0.0.0-use.local
  resolution: "@meteor-it/random@workspace:packages/random"
  dependencies:
    "@meteor-it/utils": "workspace:*"
    "@types/seedrandom": "npm:^3.0.2"
    seedrandom: "npm:^3.0.5"
  languageName: unknown
  linkType: soft

"@meteor-it/router@workspace:*, @meteor-it/router@workspace:packages/router":
  version: 0.0.0-use.local
  resolution: "@meteor-it/router@workspace:packages/router"
  dependencies:
    "@meteor-it/utils": "workspace:*"
    path-to-regexp: "npm:6.2.1"
  languageName: unknown
  linkType: soft

"@meteor-it/terminal@workspace:packages/terminal":
  version: 0.0.0-use.local
  resolution: "@meteor-it/terminal@workspace:packages/terminal"
  languageName: unknown
  linkType: soft

"@meteor-it/utils@workspace:*, @meteor-it/utils@workspace:packages/utils":
  version: 0.0.0-use.local
  resolution: "@meteor-it/utils@workspace:packages/utils"
  languageName: unknown
  linkType: soft

"@meteor-it/xpress@workspace:packages/xpress":
  version: 0.0.0-use.local
  resolution: "@meteor-it/xpress@workspace:packages/xpress"
  dependencies:
    "@meteor-it/fs": "workspace:*"
    "@meteor-it/mime": "workspace:*"
    "@meteor-it/router": "workspace:*"
    "@meteor-it/utils": "workspace:*"
    "@types/ws": "npm:^8.5.3"
    winston: "npm:3.8.2"
    ws: "npm:^8.11.0"
  languageName: unknown
  linkType: soft

"@meteor-it/xrest@workspace:packages/xrest":
  version: 0.0.0-use.local
  resolution: "@meteor-it/xrest@workspace:packages/xrest"
  dependencies:
    iconv-lite: "npm:^0.6.3"
  languageName: unknown
  linkType: soft

"@types/node@npm:*, @types/node@npm:^18.11.10":
  version: 18.11.10
  resolution: "@types/node@npm:18.11.10"
  checksum: 0d8720580234f3a2fcb22779d4ccf9b7b7b778cfcf6fd7f2a9ea778bb2d943354111913d41b3142a82731305c525777d01f5f3982bbdd690ad53dffaa01a7529
  languageName: node
  linkType: hard

"@types/seedrandom@npm:^3.0.2":
  version: 3.0.2
  resolution: "@types/seedrandom@npm:3.0.2"
  checksum: 79ef451756449ef9ac38b4b7c19759c414092dbd9c72fb719958d76b6ac46e80ca2649cc632df4b11348e8ec0c846b036a078c707b08b1fc83ea1ed5d16c3e71
  languageName: node
  linkType: hard

"@types/webpack-env@npm:^1.18.0":
  version: 1.18.0
  resolution: "@types/webpack-env@npm:1.18.0"
  checksum: 95ce3e08bac885e767f1c43cb4329aae7b70401e0c7eb5838396d23c06613ef37f565f42430277e12e61918396e9dda3f7fa401f6bffaaf6d2b9957e7817380b
  languageName: node
  linkType: hard

"@types/ws@npm:^8.5.3":
  version: 8.5.3
  resolution: "@types/ws@npm:8.5.3"
  dependencies:
    "@types/node": "npm:*"
  checksum: 079fdee163d7cb86d59e5379d2ea6511ba6a46210af420320a4bd52b04b06f86d2c3acc89289f5eae16c8815a562faada8c717fd55a4888c8a5a5f8ce1420112
  languageName: node
  linkType: hard

"async@npm:^3.2.3":
  version: 3.2.4
  resolution: "async@npm:3.2.4"
  checksum: 9719e38d24e9922c255ee9ae925fb668ef52243f9866a1b59e423a3bb6150a886b3c37287348ceefa09cd3f6fa1a29dcc770eeb70642acb13674363b2d5b2b21
  languageName: node
  linkType: hard

"color-convert@npm:^1.9.3":
  version: 1.9.3
  resolution: "color-convert@npm:1.9.3"
  dependencies:
    color-name: "npm:1.1.3"
  checksum: 42f852d574dc58609bba286cd7d10a407e213e20515c0d5d1dd8059b3d4373cd76d1057c3a242f441f2dfc6667badeb790a792662082c8038889c9235f4cd9fa
  languageName: node
  linkType: hard

"color-name@npm:1.1.3":
  version: 1.1.3
  resolution: "color-name@npm:1.1.3"
  checksum: b7313c98fd745336a5e1d64921591bcd60e4e0b3894afb56286a4793c4fd304d4a38b00b514845381215ca5ed2994be05d2e1a5a80860b996d26f5f285c77dda
  languageName: node
  linkType: hard

"color-name@npm:^1.0.0":
  version: 1.1.4
  resolution: "color-name@npm:1.1.4"
  checksum: 80acf64638343898f5b36825f4c9715ced380e738400b308f3f90ca2327f2f98f0c2cfb1f1a6447f267a2e1d1ea2214f26e948d8acab547e5478e2b0816c7c30
  languageName: node
  linkType: hard

"color-string@npm:^1.6.0":
  version: 1.9.1
  resolution: "color-string@npm:1.9.1"
  dependencies:
    color-name: "npm:^1.0.0"
    simple-swizzle: "npm:^0.2.2"
  checksum: cf76db4143e9d375401d56831ec6bffdfff17aa90276a41dcbdb1723fd7242b2cb6ed2058901544af5823fdf152cdea02eda8546cdd3fe96d4a6a16920166902
  languageName: node
  linkType: hard

"color@npm:^3.1.3":
  version: 3.2.1
  resolution: "color@npm:3.2.1"
  dependencies:
    color-convert: "npm:^1.9.3"
    color-string: "npm:^1.6.0"
  checksum: 480f06a09a02d40fba097b8a88616f449929e8ba33efbfba2838805e8742effcc0b89c7d223fcf2a2964961ac782d7ea6edc3a26adddc564a3ae768edc48b77c
  languageName: node
  linkType: hard

"colorspace@npm:1.1.x":
  version: 1.1.4
  resolution: "colorspace@npm:1.1.4"
  dependencies:
    color: "npm:^3.1.3"
    text-hex: "npm:1.0.x"
  checksum: 97577bbe4b3039775ad70979bddbc23cc5714406fdaa622d108e7994a32c69f18f32a15511a5708afa3e3c10e93d667abd0ce3a8e7c51e44566d1b2975a00b4d
  languageName: node
  linkType: hard

"enabled@npm:2.0.x":
  version: 2.0.0
  resolution: "enabled@npm:2.0.0"
  checksum: 722182ea7481286907a44024bd84ed5f063cc5a3f9ccf143b3456dbbfb31e49fc81ce6bf9c44026a23b2a411999c39c4402c10540a72497d2db96c120f8ee77b
  languageName: node
  linkType: hard

"fecha@npm:^4.2.0":
  version: 4.2.3
  resolution: "fecha@npm:4.2.3"
  checksum: e3764f1c8738b9b261a5dd515f70f4a7c4802f1239c6f075f0ab9990e36b1dfbb0610b0fa81cd9f95afe11a9e687e3c231fd1e368d918ac35cce2f5b0739005e
  languageName: node
  linkType: hard

"fn.name@npm:1.x.x":
  version: 1.1.0
  resolution: "fn.name@npm:1.1.0"
  checksum: 54a27208733c14b3bae6118a6cdb6aa03b108f53491dd95fd956f31f2715ce977f48805c473fd0fdc0f93c15e8ffb7f5eaf36a953f781c21450221a2536fa2e7
  languageName: node
  linkType: hard

"iconv-lite@npm:^0.6.3":
  version: 0.6.3
  resolution: "iconv-lite@npm:0.6.3"
  dependencies:
    safer-buffer: "npm:>= 2.1.2 < 3.0.0"
  checksum: 14633c984e398011b4cce3d453e6566e4cc1b58f257e6fc48ae39c25a158b926e6cd7ee6023cd84aff12952a7581bd10bd4e7954af802dd5678e83b4cb8fdbba
  languageName: node
  linkType: hard

"inherits@npm:^2.0.3":
  version: 2.0.4
  resolution: "inherits@npm:2.0.4"
  checksum: ca76c7e45ec715bfe6c1dd67b780b9a15068f37b37ab56cf8b773537b2654238469a42950f5f4d301212755e7512be888f627752e778e1863d95cfedefc8b8bd
  languageName: node
  linkType: hard

"is-arrayish@npm:^0.3.1":
  version: 0.3.2
  resolution: "is-arrayish@npm:0.3.2"
  checksum: aed0a701c526d97138e196db5e445da84fea5b649e9466c1d592d2fa7a2a12aa37acb03ca313c38341787dcec5c45b20559bb2abc101dad585d82227e6bc5480
  languageName: node
  linkType: hard

"is-stream@npm:^2.0.0":
  version: 2.0.1
  resolution: "is-stream@npm:2.0.1"
  checksum: 763e33689433924775b560e63fb7c0f7fae6cbc54fd9c410bb3536341b96fca85ce26720ba13ffb9b46446bdf540308771fe5910462b47b1e7d4c42dbd230f46
  languageName: node
  linkType: hard

"kuler@npm:^2.0.0":
  version: 2.0.0
  resolution: "kuler@npm:2.0.0"
  checksum: a3c55e149703e317718ded3d9eb3eaafd6ada006899feb0fabe076904a687f7b84af63532e372ce18b408fc96683b2b4eaa05f67fd93c588e752a486ff43a3ca
  languageName: node
  linkType: hard

"logform@npm:^2.3.2, logform@npm:^2.4.0":
  version: 2.4.2
  resolution: "logform@npm:2.4.2"
  dependencies:
    "@colors/colors": "npm:1.5.0"
    fecha: "npm:^4.2.0"
    ms: "npm:^2.1.1"
    safe-stable-stringify: "npm:^2.3.1"
    triple-beam: "npm:^1.3.0"
  checksum: 1df137f25709666a4569bb791fcb6619c42182a0bff7683f3b1143e5c3a40a5736e6c846fecbc13342b1dad2befee3b457ef2c37ad42d6e5ba9acf6a4846fcf0
  languageName: node
  linkType: hard

"ms@npm:^2.1.1":
  version: 2.1.3
  resolution: "ms@npm:2.1.3"
  checksum: 78c12f6b473a022ebacc393fc14b76fe40b8feda7218124b86c4684e440e10377a063bec1d3902df1f74714f02b74b36ad7d3a6de9e2fbffa26fc29e5ce018fc
  languageName: node
  linkType: hard

"one-time@npm:^1.0.0":
  version: 1.0.0
  resolution: "one-time@npm:1.0.0"
  dependencies:
    fn.name: "npm:1.x.x"
  checksum: 6edebb11434f4a7bb7cc86fee314b26e222c9a15f0e714c9cbbc3ed1fe096c50af8a7cf6d1c64ab8ba086cca7b360b738d96799a544caa28d6c174abc796480b
  languageName: node
  linkType: hard

"path-to-regexp@npm:6.2.1":
  version: 6.2.1
  resolution: "path-to-regexp@npm:6.2.1"
  checksum: e88a30cc5671ab10cbe5f2cdb8341bc3f893583e8259f2bbf935a27ce1827509881f22321d96d82d9967a4dacb88c7e777b9f09a656ccf94d33ed2c0a4a66c0e
  languageName: node
  linkType: hard

"readable-stream@npm:^3.4.0, readable-stream@npm:^3.6.0":
  version: 3.6.0
  resolution: "readable-stream@npm:3.6.0"
  dependencies:
    inherits: "npm:^2.0.3"
    string_decoder: "npm:^1.1.1"
    util-deprecate: "npm:^1.0.1"
  checksum: bda7b24d3910bf0ec4a1df3c540e1b97b1ed3ca49ea0ddc0d2c6bf29d3997251a7244608de1d842555641d1c115d9b3566167fef9225ee6ef147c9e6a539395b
  languageName: node
  linkType: hard

"safe-buffer@npm:~5.2.0":
  version: 5.2.1
  resolution: "safe-buffer@npm:5.2.1"
  checksum: da8a21b3336a21c152eb3ba8ab41acde5772644f026d4b6e5f9fd8afa4f0cf407c113b19a362580fab9aea8beea295465432fc7684f9ff38aac559bb1b5528cd
  languageName: node
  linkType: hard

"safe-stable-stringify@npm:^2.3.1":
  version: 2.4.1
  resolution: "safe-stable-stringify@npm:2.4.1"
  checksum: 03134dca6d1f0eb74707f679ba3c3a43ebbb1722862908ac4f40c42cc74870c7ef2ca861b230903edb788906abfe8bf570b38c54be81db895d3d1f1c459b453f
  languageName: node
  linkType: hard

"safer-buffer@npm:>= 2.1.2 < 3.0.0":
  version: 2.1.2
  resolution: "safer-buffer@npm:2.1.2"
  checksum: d4199666e9e792968c0b88c2c35dd400f56d3eecb9affbcf5207922822eadf30cc06995bae3c5d0a653851bbd40fc0af578bf046bbf734199ce22433ba4da659
  languageName: node
  linkType: hard

"seedrandom@npm:^3.0.5":
  version: 3.0.5
  resolution: "seedrandom@npm:3.0.5"
  checksum: c04d9a1c1c28bc1d5737f5fb02291ad56c34d57599034ce4a0e65578a84c3128d81d20d70729e0e32ef57e3c6b914b3751cbba95e9dddbd0212a405b2f921119
  languageName: node
  linkType: hard

"simple-swizzle@npm:^0.2.2":
  version: 0.2.2
  resolution: "simple-swizzle@npm:0.2.2"
  dependencies:
    is-arrayish: "npm:^0.3.1"
  checksum: da2f0812cd395009bbe2fd2fe803300a63025f7f330c1492ea41e2b4a819138806a2a99c05ae1527cb750da43ff9dc2ccde294ad1e998cedbd459cb068dc68a3
  languageName: node
  linkType: hard

"stack-trace@npm:0.0.x":
  version: 0.0.10
  resolution: "stack-trace@npm:0.0.10"
  checksum: f9a4244c4ba2523b79c8eee52c6dd6505289c7d13ae06664baa36b7482f5e6556564ac2d8442a604fc43a519c3217499572100a51956c0d5b521e05bbc9c4433
  languageName: node
  linkType: hard

"string_decoder@npm:^1.1.1":
  version: 1.3.0
  resolution: "string_decoder@npm:1.3.0"
  dependencies:
    safe-buffer: "npm:~5.2.0"
  checksum: c6b892bdb15861a68c4f9599bdff3909c70b1a2cee73d226a235b8fbadfc0aa060bdd265cb3fd86e856cee6d98cd0d657f84098cb51241f4fae19d0cacf9e13e
  languageName: node
  linkType: hard

"text-hex@npm:1.0.x":
  version: 1.0.0
  resolution: "text-hex@npm:1.0.0"
  checksum: e80d704a0ccc53d0ca2e4a74c1a8d0a3e5bb718dab9e3694042e00d60fab56b542e05442e28589a05ea8a2e1ea6c6b5cf7956a8176d982aa1b29f5d94e5f8edc
  languageName: node
  linkType: hard

"triple-beam@npm:^1.3.0":
  version: 1.3.0
  resolution: "triple-beam@npm:1.3.0"
  checksum: 112538d46be29b6213ff13ce577867c4ab3cbc28b0b9094ed6687d1a1a79f79085861b1b3cff78b1083c293a05d1437c4138522d0fa2683ae54fbe5453971521
  languageName: node
  linkType: hard

"typescript@npm:^4.9.3":
  version: 4.9.3
  resolution: "typescript@npm:4.9.3"
  bin:
    tsc: bin/tsc
    tsserver: bin/tsserver
  checksum: b0aafee5d6427b67fc557c46a6e9c093586444db463fde7a19ffc4eecc31889246210ff679f8384769dc99fca975bba5ac17411816855bb2d8a549e4fe442cc7
  languageName: node
  linkType: hard

"typescript@patch:typescript@npm%3A^4.9.3#optional!builtin<compat/typescript>":
  version: 4.9.3
  resolution: "typescript@patch:typescript@npm%3A4.9.3#optional!builtin<compat/typescript>::version=4.9.3&hash=d73830"
  bin:
    tsc: bin/tsc
    tsserver: bin/tsserver
  checksum: 06fd518bc55d054127b39aa7ad11551fd132bb7a8395913ed84fd5caf715455393d622e884ccb4fcf962d4eb5182600009c096b82ec516e8fadd09bf2150bb93
  languageName: node
  linkType: hard

"util-deprecate@npm:^1.0.1":
  version: 1.0.2
  resolution: "util-deprecate@npm:1.0.2"
  checksum: 6a88ed8344d07f2324b304ee36def365d967953b5a9c15baa3213eb3909e86a7da1ee70a4c2133e80c23d6c1987590e9c3c57d874e20a124f9e41620b462fa57
  languageName: node
  linkType: hard

"winston-transport@npm:^4.5.0":
  version: 4.5.0
  resolution: "winston-transport@npm:4.5.0"
  dependencies:
    logform: "npm:^2.3.2"
    readable-stream: "npm:^3.6.0"
    triple-beam: "npm:^1.3.0"
  checksum: 7eadbadff21b747e8f1beea1bfc6bb9ed7e29e66e4b01875044b4e16438f7557ae41dde8a7316fb3568681101f7cb2d1adaad3e14e52b69e32799619640a8685
  languageName: node
  linkType: hard

"winston@npm:3.8.2, winston@npm:^3.3.3":
  version: 3.8.2
  resolution: "winston@npm:3.8.2"
  dependencies:
    "@colors/colors": "npm:1.5.0"
    "@dabh/diagnostics": "npm:^2.0.2"
    async: "npm:^3.2.3"
    is-stream: "npm:^2.0.0"
    logform: "npm:^2.4.0"
    one-time: "npm:^1.0.0"
    readable-stream: "npm:^3.4.0"
    safe-stable-stringify: "npm:^2.3.1"
    stack-trace: "npm:0.0.x"
    triple-beam: "npm:^1.3.0"
    winston-transport: "npm:^4.5.0"
  checksum: 50d7712f49ebb22317b9619334f2dca55f5760257e44915013fd2c060267064386347048e6ecf9f550dfcfba705dc94f58163b44eca72abff388037e792af524
  languageName: node
  linkType: hard

"ws@npm:^8.11.0":
  version: 8.11.0
  resolution: "ws@npm:8.11.0"
  peerDependencies:
    bufferutil: ^4.0.1
    utf-8-validate: ^5.0.2
  peerDependenciesMeta:
    bufferutil:
      optional: true
    utf-8-validate:
      optional: true
  checksum: c573e020b665b724acf6d5500c117f2c117f2b07b7414700a5fe61fd03e850578649f951851afca3d7885ef2ee6ecd83881abb2ebe005defd62aeb657e13a9be
  languageName: node
  linkType: hard
