# THIS IS AN AUTOGENERATED FILE. DO NOT EDIT THIS FILE DIRECTLY.
# yarn lockfile v1


seedrandom@^2.4.4:
  version "2.4.4"
  resolved "https://registry.yarnpkg.com/seedrandom/-/seedrandom-2.4.4.tgz#b25ea98632c73e45f58b77cfaa931678df01f9ba"
  integrity sha512-9A+PDmgm+2du77B5i0Ip2cxOqqHjgNxnBgglxLcX78A2D6c2rTo61z4jnVABpF4cKeDMDG+cmXXvdnqse2VqMA==
