{
	"name": "@meteor-it/rocket",
	"version": "2.4.74",
	"lockfileVersion": 1,
	"requires": true,
	"dependencies": {
		"@types/hoist-non-react-statics": {
			"version": "3.3.1",
			"resolved": "https://registry.npmjs.org/@types/hoist-non-react-statics/-/hoist-non-react-statics-3.3.1.tgz",
			"integrity": "sha512-iMIqiko6ooLrTh1joXodJK5X9xeEALT1kM5G3ZLhD3hszxBdIEd5C75U834D9mLcINgD4OyZf5uQXjkuYydWvA==",
			"requires": {
				"@types/react": "*",
				"hoist-non-react-statics": "^3.3.0"
			}
		},
		"@types/prop-types": {
			"version": "15.7.3",
			"resolved": "https://registry.npmjs.org/@types/prop-types/-/prop-types-15.7.3.tgz",
			"integrity": "sha512-KfRL3PuHmqQLOG+2tGpRO26Ctg+Cq1E01D2DMriKEATHgWLfeNDmq9e29Q9WIky0dQ3NPkd1mzYH8Lm936Z9qw=="
		},
		"@types/react": {
			"version": "16.9.15",
			"resolved": "https://registry.npmjs.org/@types/react/-/react-16.9.15.tgz",
			"integrity": "sha512-WsmM1b6xQn1tG3X2Hx4F3bZwc2E82pJXt5OPs2YJgg71IzvUoKOSSSYOvLXYCg1ttipM+UuA4Lj3sfvqjVxyZw==",
			"requires": {
				"@types/prop-types": "*",
				"csstype": "^2.2.0"
			}
		},
		"@types/react-dom": {
			"version": "16.9.4",
			"resolved": "https://registry.npmjs.org/@types/react-dom/-/react-dom-16.9.4.tgz",
			"integrity": "sha512-fya9xteU/n90tda0s+FtN5Ym4tbgxpq/hb/Af24dvs6uYnYn+fspaxw5USlw0R8apDNwxsqumdRoCoKitckQqw==",
			"dev": true,
			"requires": {
				"@types/react": "*"
			}
		},
		"async-limiter": {
			"version": "1.0.1",
			"resolved": "https://registry.npmjs.org/async-limiter/-/async-limiter-1.0.1.tgz",
			"integrity": "sha512-csOlWGAcRFJaI6m+F2WKdnMKr4HhdhFVBk0H/QbJFMCr+uO2kwohwXQPxw/9OCxp05r5ghVBFSyioixx3gfkNQ=="
		},
		"base-64": {
			"version": "0.1.0",
			"resolved": "https://registry.npmjs.org/base-64/-/base-64-0.1.0.tgz",
			"integrity": "sha1-eAqZyE59YAJgNhURxId2E78k9rs="
		},
		"clone": {
			"version": "2.1.1",
			"resolved": "https://registry.npmjs.org/clone/-/clone-2.1.1.tgz",
			"integrity": "sha1-0hfR6WERjjrJpLi7oyhVU79kfNs="
		},
		"component-emitter": {
			"version": "1.2.1",
			"resolved": "https://registry.npmjs.org/component-emitter/-/component-emitter-1.2.1.tgz",
			"integrity": "sha1-E3kY1teCg/ffemt8WmPhQOaUJeY="
		},
		"csstype": {
			"version": "2.6.7",
			"resolved": "https://registry.npmjs.org/csstype/-/csstype-2.6.7.tgz",
			"integrity": "sha512-9Mcn9sFbGBAdmimWb2gLVDtFJzeKtDGIr76TUqmjZrw9LFXBMSU70lcs+C0/7fyCd6iBDqmksUcCOUIkisPHsQ=="
		},
		"get-params": {
			"version": "0.1.2",
			"resolved": "https://registry.npmjs.org/get-params/-/get-params-0.1.2.tgz",
			"integrity": "sha1-uuDfq6WIoMYNeDTA2Nwv9g7u8v4="
		},
		"hoist-non-react-statics": {
			"version": "3.3.1",
			"resolved": "https://registry.npmjs.org/hoist-non-react-statics/-/hoist-non-react-statics-3.3.1.tgz",
			"integrity": "sha512-wbg3bpgA/ZqWrZuMOeJi8+SKMhr7X9TesL/rXMjTzh0p0JUBo3II8DHboYbuIXWRlttrUFxwcu/5kygrCw8fJw==",
			"requires": {
				"react-is": "^16.7.0"
			}
		},
		"js-tokens": {
			"version": "4.0.0",
			"resolved": "https://registry.npmjs.org/js-tokens/-/js-tokens-4.0.0.tgz",
			"integrity": "sha512-RdJUflcE3cUzKiMqQgsCu06FPu9UdIJO0beYbPhHN4k6apgJtifcoCtT9bcxOpYBtpD2kCM6Sbzg4CausW/PKQ=="
		},
		"jsan": {
			"version": "3.1.13",
			"resolved": "https://registry.npmjs.org/jsan/-/jsan-3.1.13.tgz",
			"integrity": "sha512-9kGpCsGHifmw6oJet+y8HaCl14y7qgAsxVdV3pCHDySNR3BfDC30zgkssd7x5LRVAT22dnpbe9JdzzmXZnq9/g=="
		},
		"linked-list": {
			"version": "0.1.0",
			"resolved": "https://registry.npmjs.org/linked-list/-/linked-list-0.1.0.tgz",
			"integrity": "sha1-eYsP+X0bkqT9CEgPVa6k6dSdN78="
		},
		"lodash": {
			"version": "4.17.15",
			"resolved": "https://registry.npmjs.org/lodash/-/lodash-4.17.15.tgz",
			"integrity": "sha512-8xOcRHvCjnocdS5cpwXQXVzmmh5e5+saE2QGoeQmbKmRS6J3VQppPOIt0MnmE+4xlZoumy0GPG0D0MVIQbNA1A=="
		},
		"loose-envify": {
			"version": "1.4.0",
			"resolved": "https://registry.npmjs.org/loose-envify/-/loose-envify-1.4.0.tgz",
			"integrity": "sha512-lyuxPGr/Wfhrlem2CL/UcnUc1zcqKAImBDzukY7Y5F/yQiNdko6+fRLevlw1HgMySw7f611UIY408EtxRSoK3Q==",
			"requires": {
				"js-tokens": "^3.0.0 || ^4.0.0"
			}
		},
		"mobx": {
			"version": "5.15.0",
			"resolved": "https://registry.npmjs.org/mobx/-/mobx-5.15.0.tgz",
			"integrity": "sha512-Ax7vE32zBRgO0A3Yu12RXaFwIhBzpGQXZjRHiDvKLrqpDEijhNTSuXJ1Ci+L30BSa/Mb3by9+3nuKq15YoH5dA=="
		},
		"mobx-react-lite": {
			"version": "2.0.0-alpha.4",
			"resolved": "https://registry.npmjs.org/mobx-react-lite/-/mobx-react-lite-2.0.0-alpha.4.tgz",
			"integrity": "sha512-Q72f0DNOhyZ5yg0ylqVLkICsSms2m3HVz6gvyDtFn4QzRpXiIT8kFENxMxGcSYTUsOHw/UeJYH1Qu+IvOkIaWA=="
		},
		"mobx-remotedev": {
			"version": "0.3.6",
			"resolved": "https://registry.npmjs.org/mobx-remotedev/-/mobx-remotedev-0.3.6.tgz",
			"integrity": "sha512-m3sbk1NiJn+oDbGcdMzpqKtE6pYmzcToJK9OnW1AX5Mo0jUfGF6XkRyG6Nk0MftBGBR+TzL3hFpquHUN9s72wA==",
			"requires": {
				"jsan": "^3.1.9",
				"remotedev": "^0.2.7",
				"remotedev-utils": "^0.1.4"
			}
		},
		"nanoid": {
			"version": "1.3.4",
			"resolved": "https://registry.npmjs.org/nanoid/-/nanoid-1.3.4.tgz",
			"integrity": "sha512-4ug4BsuHxiVHoRUe1ud6rUFT3WUMmjXt1W0quL0CviZQANdan7D8kqN5/maw53hmAApY/jfzMRkC57BNNs60ZQ=="
		},
		"object-assign": {
			"version": "4.1.1",
			"resolved": "https://registry.npmjs.org/object-assign/-/object-assign-4.1.1.tgz",
			"integrity": "sha1-IQmtx5ZYh8/AXLvUQsrIv7s2CGM="
		},
		"prop-types": {
			"version": "15.7.2",
			"resolved": "https://registry.npmjs.org/prop-types/-/prop-types-15.7.2.tgz",
			"integrity": "sha512-8QQikdH7//R2vurIJSutZ1smHYTcLpRWEOlHnzcWHmBYrOGUysKwSsrC89BCiFj3CbrfJ/nXFdJepOVrY1GCHQ==",
			"requires": {
				"loose-envify": "^1.4.0",
				"object-assign": "^4.1.1",
				"react-is": "^16.8.1"
			}
		},
		"querystring": {
			"version": "0.2.0",
			"resolved": "https://registry.npmjs.org/querystring/-/querystring-0.2.0.tgz",
			"integrity": "sha1-sgmEkgO7Jd+CDadW50cAWHhSFiA="
		},
		"react": {
			"version": "16.12.0",
			"resolved": "https://registry.npmjs.org/react/-/react-16.12.0.tgz",
			"integrity": "sha512-fglqy3k5E+81pA8s+7K0/T3DBCF0ZDOher1elBFzF7O6arXJgzyu/FW+COxFvAWXJoJN9KIZbT2LXlukwphYTA==",
			"requires": {
				"loose-envify": "^1.1.0",
				"object-assign": "^4.1.1",
				"prop-types": "^15.6.2"
			}
		},
		"react-dom": {
			"version": "16.12.0",
			"resolved": "https://registry.npmjs.org/react-dom/-/react-dom-16.12.0.tgz",
			"integrity": "sha512-LMxFfAGrcS3kETtQaCkTKjMiifahaMySFDn71fZUNpPHZQEzmk/GiAeIT8JSOrHB23fnuCOMruL2a8NYlw+8Gw==",
			"requires": {
				"loose-envify": "^1.1.0",
				"object-assign": "^4.1.1",
				"prop-types": "^15.6.2",
				"scheduler": "^0.18.0"
			}
		},
		"react-is": {
			"version": "16.12.0",
			"resolved": "https://registry.npmjs.org/react-is/-/react-is-16.12.0.tgz",
			"integrity": "sha512-rPCkf/mWBtKc97aLL9/txD8DZdemK0vkA3JMLShjlJB3Pj3s+lpf1KaBzMfQrAmhMQB0n1cU/SUGgKKBCe837Q=="
		},
		"remotedev": {
			"version": "0.2.9",
			"resolved": "https://registry.npmjs.org/remotedev/-/remotedev-0.2.9.tgz",
			"integrity": "sha512-W8dHOv9BcFnetFEd08yNb5O9Hd+zkTFFnf9FRjNCkb4u+JgQ/U152Aw4q83AmY3m34d6KZwhK5ip/Qc331+4vA==",
			"requires": {
				"jsan": "^3.1.3",
				"querystring": "^0.2.0",
				"rn-host-detect": "^1.0.1",
				"socketcluster-client": "^13.0.0"
			}
		},
		"remotedev-serialize": {
			"version": "0.1.8",
			"resolved": "https://registry.npmjs.org/remotedev-serialize/-/remotedev-serialize-0.1.8.tgz",
			"integrity": "sha512-3YG/FDcOmiK22bl5oMRM8RRnbGrFEuPGjbcDG+z2xi5aQaNQNZ8lqoRnZTwXVfaZtutXuiAQOgPRrogzQk8edg==",
			"requires": {
				"jsan": "^3.1.13"
			}
		},
		"remotedev-utils": {
			"version": "0.1.6",
			"resolved": "https://registry.npmjs.org/remotedev-utils/-/remotedev-utils-0.1.6.tgz",
			"integrity": "sha512-YgEJBeDPtiMFOg25gWMhgyjkZwNIoRULPM7zIMMIVt0t0FhMljDwK2Z1/QHjnl9vKTjwbRSk09o6p2UFMrHN5Q==",
			"requires": {
				"get-params": "^0.1.2",
				"jsan": "^3.1.5",
				"lodash": "^4.17.11",
				"nanoid": "^1.0.1",
				"remotedev-serialize": "^0.1.0"
			}
		},
		"rn-host-detect": {
			"version": "1.2.0",
			"resolved": "https://registry.npmjs.org/rn-host-detect/-/rn-host-detect-1.2.0.tgz",
			"integrity": "sha512-btNg5kzHcjZZ7t7mvvV/4wNJ9e3MPgrWivkRgWURzXL0JJ0pwWlU4zrbmdlz3HHzHOxhBhHB4D+/dbMFfu4/4A=="
		},
		"sc-channel": {
			"version": "1.2.0",
			"resolved": "https://registry.npmjs.org/sc-channel/-/sc-channel-1.2.0.tgz",
			"integrity": "sha512-M3gdq8PlKg0zWJSisWqAsMmTVxYRTpVRqw4CWAdKBgAfVKumFcTjoCV0hYu7lgUXccCtCD8Wk9VkkE+IXCxmZA==",
			"requires": {
				"component-emitter": "1.2.1"
			}
		},
		"sc-errors": {
			"version": "1.4.1",
			"resolved": "https://registry.npmjs.org/sc-errors/-/sc-errors-1.4.1.tgz",
			"integrity": "sha512-dBn92iIonpChTxYLgKkIT/PCApvmYT6EPIbRvbQKTgY6tbEbIy8XVUv4pGyKwEK4nCmvX4TKXcN0iXC6tNW6rQ=="
		},
		"sc-formatter": {
			"version": "3.0.2",
			"resolved": "https://registry.npmjs.org/sc-formatter/-/sc-formatter-3.0.2.tgz",
			"integrity": "sha512-9PbqYBpCq+OoEeRQ3QfFIGE6qwjjBcd2j7UjgDlhnZbtSnuGgHdcRklPKYGuYFH82V/dwd+AIpu8XvA1zqTd+A=="
		},
		"scheduler": {
			"version": "0.18.0",
			"resolved": "https://registry.npmjs.org/scheduler/-/scheduler-0.18.0.tgz",
			"integrity": "sha512-agTSHR1Nbfi6ulI0kYNK0203joW2Y5W4po4l+v03tOoiJKpTBbxpNhWDvqc/4IcOw+KLmSiQLTasZ4cab2/UWQ==",
			"requires": {
				"loose-envify": "^1.1.0",
				"object-assign": "^4.1.1"
			}
		},
		"socketcluster-client": {
			"version": "13.0.1",
			"resolved": "https://registry.npmjs.org/socketcluster-client/-/socketcluster-client-13.0.1.tgz",
			"integrity": "sha512-hxiE2xz6mgaBlhXbtBa4POgWVEvIcjCoHzf5LTUVhI9IL8V2ltV3Ze8pQsi9egqTjSz4RHPfyrJ7BiETe5Kthw==",
			"requires": {
				"base-64": "0.1.0",
				"clone": "2.1.1",
				"component-emitter": "1.2.1",
				"linked-list": "0.1.0",
				"querystring": "0.2.0",
				"sc-channel": "^1.2.0",
				"sc-errors": "^1.4.0",
				"sc-formatter": "^3.0.1",
				"uuid": "3.2.1",
				"ws": "5.1.1"
			}
		},
		"uuid": {
			"version": "3.2.1",
			"resolved": "https://registry.npmjs.org/uuid/-/uuid-3.2.1.tgz",
			"integrity": "sha512-jZnMwlb9Iku/O3smGWvZhauCf6cvvpKi4BKRiliS3cxnI+Gz9j5MEpTz2UFuXiKPJocb7gnsLHwiS05ige5BEA=="
		},
		"ws": {
			"version": "5.1.1",
			"resolved": "https://registry.npmjs.org/ws/-/ws-5.1.1.tgz",
			"integrity": "sha512-bOusvpCb09TOBLbpMKszd45WKC2KPtxiyiHanv+H2DE3Az+1db5a/L7sVJZVDPUC1Br8f0SKRr1KjLpD1U/IAw==",
			"requires": {
				"async-limiter": "~1.0.0"
			}
		}
	}
}
