{
	"name": "@meteor-it/rocket",
	"version": "2.4.75",
	"lockfileVersion": 1,
	"requires": true,
	"dependencies": {
		"@meteor-it/ajson": {
			"version": "0.4.20",
			"resolved": "https://registry.npmjs.org/@meteor-it/ajson/-/ajson-0.4.20.tgz",
			"integrity": "sha512-8zz6zcrzk8WrgpVnaMkzRNWo8LFnI2cAI/Kr/oz5hnOCyd3/04yOcOuHtyiF6JG1eLu1casR6+69LRMBZHp+tg=="
		},
		"@meteor-it/fs": {
			"version": "1.2.20",
			"resolved": "https://registry.npmjs.org/@meteor-it/fs/-/fs-1.2.20.tgz",
			"integrity": "sha512-wR2pG/1AOURxB+hjfLaLWlBG5L/OpisebC320An1FCeCRJ3waZzbvcaCPuIyAW34TvzqY8kA5GhBhA6GUib8pg==",
			"requires": {
				"@meteor-it/utils": "^1.3.33"
			}
		},
		"@meteor-it/logger": {
			"version": "2.3.45",
			"resolved": "https://registry.npmjs.org/@meteor-it/logger/-/logger-2.3.45.tgz",
			"integrity": "sha512-njnr7tJ/Zmenp+YyIiO0dAxo9v6Zz/GUkGjVxurs0jigFfkHNxXahX7JixgWL5Apgce8K1KnVKGIAIEfVYiEig==",
			"requires": {
				"@meteor-it/terminal": "^0.5.25",
				"@meteor-it/utils": "^1.3.33"
			}
		},
		"@meteor-it/mime": {
			"version": "0.4.23",
			"resolved": "https://registry.npmjs.org/@meteor-it/mime/-/mime-0.4.23.tgz",
			"integrity": "sha512-sVWT0WoyBKyw9h9QySCsduIQMtS82rkS2E8sgaAybIYZ6phs/h7lmrcfJv273ML0Cy09ExgOavrRu7K13DTY7A=="
		},
		"@meteor-it/router": {
			"version": "2.1.48",
			"resolved": "https://registry.npmjs.org/@meteor-it/router/-/router-2.1.48.tgz",
			"integrity": "sha512-54WQXhxl97fiQP/z8z0J/gUSkxqw3bY7xpQS5cgu6K8SfXAbpGr26spK0BOI5ZnaX0DVmtgJa7Dexb8DhyhXNg==",
			"requires": {
				"@meteor-it/logger": "^2.3.45",
				"@meteor-it/utils": "^1.3.33",
				"path-to-regexp": "6.1.0"
			}
		},
		"@meteor-it/terminal": {
			"version": "0.5.25",
			"resolved": "https://registry.npmjs.org/@meteor-it/terminal/-/terminal-0.5.25.tgz",
			"integrity": "sha512-SDORSrTY39fEMe/hM5FWr7+gh0ikTNeGLbpJIigRS4DUID3sECNhlNtMmKMFs88vhfKUtKw7aeUGNiDZckOGEw=="
		},
		"@meteor-it/utils": {
			"version": "1.3.33",
			"resolved": "https://registry.npmjs.org/@meteor-it/utils/-/utils-1.3.33.tgz",
			"integrity": "sha512-GzcaZbj0SUf8+2f3yb/GGQldJwCGfg4+L+nqeqx9TpE7jQm2mIPZ/VYmATZpSc8eFPTFZtisHag0jKYpWGSHPQ=="
		},
		"@meteor-it/xpress": {
			"version": "4.2.67",
			"resolved": "https://registry.npmjs.org/@meteor-it/xpress/-/xpress-4.2.67.tgz",
			"integrity": "sha512-BdjNLOPl0MA1NM9c9qZuElBs+LN9o7Sch+7vz3fyaVHYWH/Q9ZMHVIZ+qDlcZPj1+ylwMP7DJiKB9MWUeAEtxQ==",
			"requires": {
				"@meteor-it/ajson": "^0.4.20",
				"@meteor-it/fs": "^1.2.20",
				"@meteor-it/logger": "^2.3.45",
				"@meteor-it/mime": "^0.4.23",
				"@meteor-it/router": "^2.1.48",
				"@meteor-it/utils": "^1.3.33",
				"@types/express-session": "^1.15.14",
				"express-session": "^1.16.2",
				"ws": "^7.1.2"
			},
			"dependencies": {
				"ws": {
					"version": "7.3.1",
					"resolved": "https://registry.npmjs.org/ws/-/ws-7.3.1.tgz",
					"integrity": "sha512-D3RuNkynyHmEJIpD2qrgVkc9DQ23OrN/moAwZX4L8DfvszsJxpjQuUq3LMx6HoYji9fbIOBY18XWBsAux1ZZUA=="
				}
			}
		},
		"@types/body-parser": {
			"version": "1.19.0",
			"resolved": "https://registry.npmjs.org/@types/body-parser/-/body-parser-1.19.0.tgz",
			"integrity": "sha512-W98JrE0j2K78swW4ukqMleo8R7h/pFETjM2DQ90MF6XK2i4LO4W3gQ71Lt4w3bfm2EvVSyWHplECvB5sK22yFQ==",
			"requires": {
				"@types/connect": "*",
				"@types/node": "*"
			}
		},
		"@types/connect": {
			"version": "3.4.33",
			"resolved": "https://registry.npmjs.org/@types/connect/-/connect-3.4.33.tgz",
			"integrity": "sha512-2+FrkXY4zllzTNfJth7jOqEHC+enpLeGslEhpnTAkg21GkRrWV4SsAtqchtT4YS9/nODBU2/ZfsBY2X4J/dX7A==",
			"requires": {
				"@types/node": "*"
			}
		},
		"@types/express": {
			"version": "4.17.7",
			"resolved": "https://registry.npmjs.org/@types/express/-/express-4.17.7.tgz",
			"integrity": "sha512-dCOT5lcmV/uC2J9k0rPafATeeyz+99xTt54ReX11/LObZgfzJqZNcW27zGhYyX+9iSEGXGt5qLPwRSvBZcLvtQ==",
			"requires": {
				"@types/body-parser": "*",
				"@types/express-serve-static-core": "*",
				"@types/qs": "*",
				"@types/serve-static": "*"
			}
		},
		"@types/express-serve-static-core": {
			"version": "4.17.8",
			"resolved": "https://registry.npmjs.org/@types/express-serve-static-core/-/express-serve-static-core-4.17.8.tgz",
			"integrity": "sha512-1SJZ+R3Q/7mLkOD9ewCBDYD2k0WyZQtWYqF/2VvoNN2/uhI49J9CDN4OAm+wGMA0DbArA4ef27xl4+JwMtGggw==",
			"requires": {
				"@types/node": "*",
				"@types/qs": "*",
				"@types/range-parser": "*"
			}
		},
		"@types/express-session": {
			"version": "1.17.0",
			"resolved": "https://registry.npmjs.org/@types/express-session/-/express-session-1.17.0.tgz",
			"integrity": "sha512-OQEHeBFE1UhChVIBhRh9qElHUvTp4BzKKHxMDkGHT7WuYk5eL93hPG7D8YAIkoBSbhNEY0RjreF15zn+U0eLjA==",
			"requires": {
				"@types/express": "*",
				"@types/node": "*"
			}
		},
		"@types/hoist-non-react-statics": {
			"version": "3.3.1",
			"resolved": "https://registry.npmjs.org/@types/hoist-non-react-statics/-/hoist-non-react-statics-3.3.1.tgz",
			"integrity": "sha512-iMIqiko6ooLrTh1joXodJK5X9xeEALT1kM5G3ZLhD3hszxBdIEd5C75U834D9mLcINgD4OyZf5uQXjkuYydWvA==",
			"requires": {
				"@types/react": "*",
				"hoist-non-react-statics": "^3.3.0"
			}
		},
		"@types/mime": {
			"version": "2.0.2",
			"resolved": "https://registry.npmjs.org/@types/mime/-/mime-2.0.2.tgz",
			"integrity": "sha512-4kPlzbljFcsttWEq6aBW0OZe6BDajAmyvr2xknBG92tejQnvdGtT9+kXSZ580DqpxY9qG2xeQVF9Dq0ymUTo5Q=="
		},
		"@types/node": {
			"version": "14.0.23",
			"resolved": "https://registry.npmjs.org/@types/node/-/node-14.0.23.tgz",
			"integrity": "sha512-Z4U8yDAl5TFkmYsZdFPdjeMa57NOvnaf1tljHzhouaPEp7LCj2JKkejpI1ODviIAQuW4CcQmxkQ77rnLsOOoKw=="
		},
		"@types/prop-types": {
			"version": "15.7.3",
			"resolved": "https://registry.npmjs.org/@types/prop-types/-/prop-types-15.7.3.tgz",
			"integrity": "sha512-KfRL3PuHmqQLOG+2tGpRO26Ctg+Cq1E01D2DMriKEATHgWLfeNDmq9e29Q9WIky0dQ3NPkd1mzYH8Lm936Z9qw=="
		},
		"@types/qs": {
			"version": "6.9.3",
			"resolved": "https://registry.npmjs.org/@types/qs/-/qs-6.9.3.tgz",
			"integrity": "sha512-7s9EQWupR1fTc2pSMtXRQ9w9gLOcrJn+h7HOXw4evxyvVqMi4f+q7d2tnFe3ng3SNHjtK+0EzGMGFUQX4/AQRA=="
		},
		"@types/range-parser": {
			"version": "1.2.3",
			"resolved": "https://registry.npmjs.org/@types/range-parser/-/range-parser-1.2.3.tgz",
			"integrity": "sha512-ewFXqrQHlFsgc09MK5jP5iR7vumV/BYayNC6PgJO2LPe8vrnNFyjQjSppfEngITi0qvfKtzFvgKymGheFM9UOA=="
		},
		"@types/react": {
			"version": "16.9.15",
			"resolved": "https://registry.npmjs.org/@types/react/-/react-16.9.15.tgz",
			"integrity": "sha512-WsmM1b6xQn1tG3X2Hx4F3bZwc2E82pJXt5OPs2YJgg71IzvUoKOSSSYOvLXYCg1ttipM+UuA4Lj3sfvqjVxyZw==",
			"requires": {
				"@types/prop-types": "*",
				"csstype": "^2.2.0"
			}
		},
		"@types/react-dom": {
			"version": "16.9.4",
			"resolved": "https://registry.npmjs.org/@types/react-dom/-/react-dom-16.9.4.tgz",
			"integrity": "sha512-fya9xteU/n90tda0s+FtN5Ym4tbgxpq/hb/Af24dvs6uYnYn+fspaxw5USlw0R8apDNwxsqumdRoCoKitckQqw==",
			"dev": true,
			"requires": {
				"@types/react": "*"
			}
		},
		"@types/serve-static": {
			"version": "1.13.4",
			"resolved": "https://registry.npmjs.org/@types/serve-static/-/serve-static-1.13.4.tgz",
			"integrity": "sha512-jTDt0o/YbpNwZbQmE/+2e+lfjJEJJR0I3OFaKQKPWkASkCoW3i6fsUnqudSMcNAfbtmADGu8f4MV4q+GqULmug==",
			"requires": {
				"@types/express-serve-static-core": "*",
				"@types/mime": "*"
			}
		},
		"async-limiter": {
			"version": "1.0.1",
			"resolved": "https://registry.npmjs.org/async-limiter/-/async-limiter-1.0.1.tgz",
			"integrity": "sha512-csOlWGAcRFJaI6m+F2WKdnMKr4HhdhFVBk0H/QbJFMCr+uO2kwohwXQPxw/9OCxp05r5ghVBFSyioixx3gfkNQ=="
		},
		"base-64": {
			"version": "0.1.0",
			"resolved": "https://registry.npmjs.org/base-64/-/base-64-0.1.0.tgz",
			"integrity": "sha1-eAqZyE59YAJgNhURxId2E78k9rs="
		},
		"clone": {
			"version": "2.1.1",
			"resolved": "https://registry.npmjs.org/clone/-/clone-2.1.1.tgz",
			"integrity": "sha1-0hfR6WERjjrJpLi7oyhVU79kfNs="
		},
		"component-emitter": {
			"version": "1.2.1",
			"resolved": "https://registry.npmjs.org/component-emitter/-/component-emitter-1.2.1.tgz",
			"integrity": "sha1-E3kY1teCg/ffemt8WmPhQOaUJeY="
		},
		"cookie": {
			"version": "0.4.0",
			"resolved": "https://registry.npmjs.org/cookie/-/cookie-0.4.0.tgz",
			"integrity": "sha512-+Hp8fLp57wnUSt0tY0tHEXh4voZRDnoIrZPqlo3DPiI4y9lwg/jqx+1Om94/W6ZaPDOUbnjOt/99w66zk+l1Xg=="
		},
		"cookie-signature": {
			"version": "1.0.6",
			"resolved": "https://registry.npmjs.org/cookie-signature/-/cookie-signature-1.0.6.tgz",
			"integrity": "sha1-4wOogrNCzD7oylE6eZmXNNqzriw="
		},
		"csstype": {
			"version": "2.6.7",
			"resolved": "https://registry.npmjs.org/csstype/-/csstype-2.6.7.tgz",
			"integrity": "sha512-9Mcn9sFbGBAdmimWb2gLVDtFJzeKtDGIr76TUqmjZrw9LFXBMSU70lcs+C0/7fyCd6iBDqmksUcCOUIkisPHsQ=="
		},
		"debug": {
			"version": "2.6.9",
			"resolved": "https://registry.npmjs.org/debug/-/debug-2.6.9.tgz",
			"integrity": "sha512-bC7ElrdJaJnPbAP+1EotYvqZsb3ecl5wi6Bfi6BJTUcNowp6cvspg0jXznRTKDjm/E7AdgFBVeAPVMNcKGsHMA==",
			"requires": {
				"ms": "2.0.0"
			}
		},
		"depd": {
			"version": "2.0.0",
			"resolved": "https://registry.npmjs.org/depd/-/depd-2.0.0.tgz",
			"integrity": "sha512-g7nH6P6dyDioJogAAGprGpCtVImJhpPk/roCzdb3fIh61/s/nPsfR6onyMwkCAR/OlC3yBC0lESvUoQEAssIrw=="
		},
		"express-session": {
			"version": "1.17.1",
			"resolved": "https://registry.npmjs.org/express-session/-/express-session-1.17.1.tgz",
			"integrity": "sha512-UbHwgqjxQZJiWRTMyhvWGvjBQduGCSBDhhZXYenziMFjxst5rMV+aJZ6hKPHZnPyHGsrqRICxtX8jtEbm/z36Q==",
			"requires": {
				"cookie": "0.4.0",
				"cookie-signature": "1.0.6",
				"debug": "2.6.9",
				"depd": "~2.0.0",
				"on-headers": "~1.0.2",
				"parseurl": "~1.3.3",
				"safe-buffer": "5.2.0",
				"uid-safe": "~2.1.5"
			}
		},
		"get-params": {
			"version": "0.1.2",
			"resolved": "https://registry.npmjs.org/get-params/-/get-params-0.1.2.tgz",
			"integrity": "sha1-uuDfq6WIoMYNeDTA2Nwv9g7u8v4="
		},
		"hoist-non-react-statics": {
			"version": "3.3.1",
			"resolved": "https://registry.npmjs.org/hoist-non-react-statics/-/hoist-non-react-statics-3.3.1.tgz",
			"integrity": "sha512-wbg3bpgA/ZqWrZuMOeJi8+SKMhr7X9TesL/rXMjTzh0p0JUBo3II8DHboYbuIXWRlttrUFxwcu/5kygrCw8fJw==",
			"requires": {
				"react-is": "^16.7.0"
			}
		},
		"js-tokens": {
			"version": "4.0.0",
			"resolved": "https://registry.npmjs.org/js-tokens/-/js-tokens-4.0.0.tgz",
			"integrity": "sha512-RdJUflcE3cUzKiMqQgsCu06FPu9UdIJO0beYbPhHN4k6apgJtifcoCtT9bcxOpYBtpD2kCM6Sbzg4CausW/PKQ=="
		},
		"jsan": {
			"version": "3.1.13",
			"resolved": "https://registry.npmjs.org/jsan/-/jsan-3.1.13.tgz",
			"integrity": "sha512-9kGpCsGHifmw6oJet+y8HaCl14y7qgAsxVdV3pCHDySNR3BfDC30zgkssd7x5LRVAT22dnpbe9JdzzmXZnq9/g=="
		},
		"linked-list": {
			"version": "0.1.0",
			"resolved": "https://registry.npmjs.org/linked-list/-/linked-list-0.1.0.tgz",
			"integrity": "sha1-eYsP+X0bkqT9CEgPVa6k6dSdN78="
		},
		"lodash": {
			"version": "4.17.19",
			"resolved": "https://registry.npmjs.org/lodash/-/lodash-4.17.19.tgz",
			"integrity": "sha512-JNvd8XER9GQX0v2qJgsaN/mzFCNA5BRe/j8JN9d+tWyGLSodKQHKFicdwNYzWwI3wjRnaKPsGj1XkBjx/F96DQ=="
		},
		"loose-envify": {
			"version": "1.4.0",
			"resolved": "https://registry.npmjs.org/loose-envify/-/loose-envify-1.4.0.tgz",
			"integrity": "sha512-lyuxPGr/Wfhrlem2CL/UcnUc1zcqKAImBDzukY7Y5F/yQiNdko6+fRLevlw1HgMySw7f611UIY408EtxRSoK3Q==",
			"requires": {
				"js-tokens": "^3.0.0 || ^4.0.0"
			}
		},
		"mobx": {
			"version": "5.15.0",
			"resolved": "https://registry.npmjs.org/mobx/-/mobx-5.15.0.tgz",
			"integrity": "sha512-Ax7vE32zBRgO0A3Yu12RXaFwIhBzpGQXZjRHiDvKLrqpDEijhNTSuXJ1Ci+L30BSa/Mb3by9+3nuKq15YoH5dA=="
		},
		"mobx-react-lite": {
			"version": "2.0.0-alpha.4",
			"resolved": "https://registry.npmjs.org/mobx-react-lite/-/mobx-react-lite-2.0.0-alpha.4.tgz",
			"integrity": "sha512-Q72f0DNOhyZ5yg0ylqVLkICsSms2m3HVz6gvyDtFn4QzRpXiIT8kFENxMxGcSYTUsOHw/UeJYH1Qu+IvOkIaWA=="
		},
		"mobx-remotedev": {
			"version": "0.3.6",
			"resolved": "https://registry.npmjs.org/mobx-remotedev/-/mobx-remotedev-0.3.6.tgz",
			"integrity": "sha512-m3sbk1NiJn+oDbGcdMzpqKtE6pYmzcToJK9OnW1AX5Mo0jUfGF6XkRyG6Nk0MftBGBR+TzL3hFpquHUN9s72wA==",
			"requires": {
				"jsan": "^3.1.9",
				"remotedev": "^0.2.7",
				"remotedev-utils": "^0.1.4"
			}
		},
		"ms": {
			"version": "2.0.0",
			"resolved": "https://registry.npmjs.org/ms/-/ms-2.0.0.tgz",
			"integrity": "sha1-VgiurfwAvmwpAd9fmGF4jeDVl8g="
		},
		"nanoid": {
			"version": "1.3.4",
			"resolved": "https://registry.npmjs.org/nanoid/-/nanoid-1.3.4.tgz",
			"integrity": "sha512-4ug4BsuHxiVHoRUe1ud6rUFT3WUMmjXt1W0quL0CviZQANdan7D8kqN5/maw53hmAApY/jfzMRkC57BNNs60ZQ=="
		},
		"object-assign": {
			"version": "4.1.1",
			"resolved": "https://registry.npmjs.org/object-assign/-/object-assign-4.1.1.tgz",
			"integrity": "sha1-IQmtx5ZYh8/AXLvUQsrIv7s2CGM="
		},
		"on-headers": {
			"version": "1.0.2",
			"resolved": "https://registry.npmjs.org/on-headers/-/on-headers-1.0.2.tgz",
			"integrity": "sha512-pZAE+FJLoyITytdqK0U5s+FIpjN0JP3OzFi/u8Rx+EV5/W+JTWGXG8xFzevE7AjBfDqHv/8vL8qQsIhHnqRkrA=="
		},
		"parseurl": {
			"version": "1.3.3",
			"resolved": "https://registry.npmjs.org/parseurl/-/parseurl-1.3.3.tgz",
			"integrity": "sha512-CiyeOxFT/JZyN5m0z9PfXw4SCBJ6Sygz1Dpl0wqjlhDEGGBP1GnsUVEL0p63hoG1fcj3fHynXi9NYO4nWOL+qQ=="
		},
		"path-to-regexp": {
			"version": "6.1.0",
			"resolved": "https://registry.npmjs.org/path-to-regexp/-/path-to-regexp-6.1.0.tgz",
			"integrity": "sha512-h9DqehX3zZZDCEm+xbfU0ZmwCGFCAAraPJWMXJ4+v32NjZJilVg3k1TcKsRgIb8IQ/izZSaydDc1OhJCZvs2Dw=="
		},
		"prop-types": {
			"version": "15.7.2",
			"resolved": "https://registry.npmjs.org/prop-types/-/prop-types-15.7.2.tgz",
			"integrity": "sha512-8QQikdH7//R2vurIJSutZ1smHYTcLpRWEOlHnzcWHmBYrOGUysKwSsrC89BCiFj3CbrfJ/nXFdJepOVrY1GCHQ==",
			"requires": {
				"loose-envify": "^1.4.0",
				"object-assign": "^4.1.1",
				"react-is": "^16.8.1"
			}
		},
		"querystring": {
			"version": "0.2.0",
			"resolved": "https://registry.npmjs.org/querystring/-/querystring-0.2.0.tgz",
			"integrity": "sha1-sgmEkgO7Jd+CDadW50cAWHhSFiA="
		},
		"random-bytes": {
			"version": "1.0.0",
			"resolved": "https://registry.npmjs.org/random-bytes/-/random-bytes-1.0.0.tgz",
			"integrity": "sha1-T2ih3Arli9P7lYSMMDJNt11kNgs="
		},
		"react": {
			"version": "16.12.0",
			"resolved": "https://registry.npmjs.org/react/-/react-16.12.0.tgz",
			"integrity": "sha512-fglqy3k5E+81pA8s+7K0/T3DBCF0ZDOher1elBFzF7O6arXJgzyu/FW+COxFvAWXJoJN9KIZbT2LXlukwphYTA==",
			"requires": {
				"loose-envify": "^1.1.0",
				"object-assign": "^4.1.1",
				"prop-types": "^15.6.2"
			}
		},
		"react-dom": {
			"version": "16.12.0",
			"resolved": "https://registry.npmjs.org/react-dom/-/react-dom-16.12.0.tgz",
			"integrity": "sha512-LMxFfAGrcS3kETtQaCkTKjMiifahaMySFDn71fZUNpPHZQEzmk/GiAeIT8JSOrHB23fnuCOMruL2a8NYlw+8Gw==",
			"requires": {
				"loose-envify": "^1.1.0",
				"object-assign": "^4.1.1",
				"prop-types": "^15.6.2",
				"scheduler": "^0.18.0"
			}
		},
		"react-is": {
			"version": "16.12.0",
			"resolved": "https://registry.npmjs.org/react-is/-/react-is-16.12.0.tgz",
			"integrity": "sha512-rPCkf/mWBtKc97aLL9/txD8DZdemK0vkA3JMLShjlJB3Pj3s+lpf1KaBzMfQrAmhMQB0n1cU/SUGgKKBCe837Q=="
		},
		"remotedev": {
			"version": "0.2.9",
			"resolved": "https://registry.npmjs.org/remotedev/-/remotedev-0.2.9.tgz",
			"integrity": "sha512-W8dHOv9BcFnetFEd08yNb5O9Hd+zkTFFnf9FRjNCkb4u+JgQ/U152Aw4q83AmY3m34d6KZwhK5ip/Qc331+4vA==",
			"requires": {
				"jsan": "^3.1.3",
				"querystring": "^0.2.0",
				"rn-host-detect": "^1.0.1",
				"socketcluster-client": "^13.0.0"
			}
		},
		"remotedev-serialize": {
			"version": "0.1.8",
			"resolved": "https://registry.npmjs.org/remotedev-serialize/-/remotedev-serialize-0.1.8.tgz",
			"integrity": "sha512-3YG/FDcOmiK22bl5oMRM8RRnbGrFEuPGjbcDG+z2xi5aQaNQNZ8lqoRnZTwXVfaZtutXuiAQOgPRrogzQk8edg==",
			"requires": {
				"jsan": "^3.1.13"
			}
		},
		"remotedev-utils": {
			"version": "0.1.6",
			"resolved": "https://registry.npmjs.org/remotedev-utils/-/remotedev-utils-0.1.6.tgz",
			"integrity": "sha512-YgEJBeDPtiMFOg25gWMhgyjkZwNIoRULPM7zIMMIVt0t0FhMljDwK2Z1/QHjnl9vKTjwbRSk09o6p2UFMrHN5Q==",
			"requires": {
				"get-params": "^0.1.2",
				"jsan": "^3.1.5",
				"lodash": "^4.17.11",
				"nanoid": "^1.0.1",
				"remotedev-serialize": "^0.1.0"
			}
		},
		"rn-host-detect": {
			"version": "1.2.0",
			"resolved": "https://registry.npmjs.org/rn-host-detect/-/rn-host-detect-1.2.0.tgz",
			"integrity": "sha512-btNg5kzHcjZZ7t7mvvV/4wNJ9e3MPgrWivkRgWURzXL0JJ0pwWlU4zrbmdlz3HHzHOxhBhHB4D+/dbMFfu4/4A=="
		},
		"safe-buffer": {
			"version": "5.2.0",
			"resolved": "https://registry.npmjs.org/safe-buffer/-/safe-buffer-5.2.0.tgz",
			"integrity": "sha512-fZEwUGbVl7kouZs1jCdMLdt95hdIv0ZeHg6L7qPeciMZhZ+/gdesW4wgTARkrFWEpspjEATAzUGPG8N2jJiwbg=="
		},
		"sc-channel": {
			"version": "1.2.0",
			"resolved": "https://registry.npmjs.org/sc-channel/-/sc-channel-1.2.0.tgz",
			"integrity": "sha512-M3gdq8PlKg0zWJSisWqAsMmTVxYRTpVRqw4CWAdKBgAfVKumFcTjoCV0hYu7lgUXccCtCD8Wk9VkkE+IXCxmZA==",
			"requires": {
				"component-emitter": "1.2.1"
			}
		},
		"sc-errors": {
			"version": "1.4.1",
			"resolved": "https://registry.npmjs.org/sc-errors/-/sc-errors-1.4.1.tgz",
			"integrity": "sha512-dBn92iIonpChTxYLgKkIT/PCApvmYT6EPIbRvbQKTgY6tbEbIy8XVUv4pGyKwEK4nCmvX4TKXcN0iXC6tNW6rQ=="
		},
		"sc-formatter": {
			"version": "3.0.2",
			"resolved": "https://registry.npmjs.org/sc-formatter/-/sc-formatter-3.0.2.tgz",
			"integrity": "sha512-9PbqYBpCq+OoEeRQ3QfFIGE6qwjjBcd2j7UjgDlhnZbtSnuGgHdcRklPKYGuYFH82V/dwd+AIpu8XvA1zqTd+A=="
		},
		"scheduler": {
			"version": "0.18.0",
			"resolved": "https://registry.npmjs.org/scheduler/-/scheduler-0.18.0.tgz",
			"integrity": "sha512-agTSHR1Nbfi6ulI0kYNK0203joW2Y5W4po4l+v03tOoiJKpTBbxpNhWDvqc/4IcOw+KLmSiQLTasZ4cab2/UWQ==",
			"requires": {
				"loose-envify": "^1.1.0",
				"object-assign": "^4.1.1"
			}
		},
		"socketcluster-client": {
			"version": "13.0.1",
			"resolved": "https://registry.npmjs.org/socketcluster-client/-/socketcluster-client-13.0.1.tgz",
			"integrity": "sha512-hxiE2xz6mgaBlhXbtBa4POgWVEvIcjCoHzf5LTUVhI9IL8V2ltV3Ze8pQsi9egqTjSz4RHPfyrJ7BiETe5Kthw==",
			"requires": {
				"base-64": "0.1.0",
				"clone": "2.1.1",
				"component-emitter": "1.2.1",
				"linked-list": "0.1.0",
				"querystring": "0.2.0",
				"sc-channel": "^1.2.0",
				"sc-errors": "^1.4.0",
				"sc-formatter": "^3.0.1",
				"uuid": "3.2.1",
				"ws": "5.1.1"
			}
		},
		"uid-safe": {
			"version": "2.1.5",
			"resolved": "https://registry.npmjs.org/uid-safe/-/uid-safe-2.1.5.tgz",
			"integrity": "sha512-KPHm4VL5dDXKz01UuEd88Df+KzynaohSL9fBh096KWAxSKZQDI2uBrVqtvRM4rwrIrRRKsdLNML/lnaaVSRioA==",
			"requires": {
				"random-bytes": "~1.0.0"
			}
		},
		"uuid": {
			"version": "3.2.1",
			"resolved": "https://registry.npmjs.org/uuid/-/uuid-3.2.1.tgz",
			"integrity": "sha512-jZnMwlb9Iku/O3smGWvZhauCf6cvvpKi4BKRiliS3cxnI+Gz9j5MEpTz2UFuXiKPJocb7gnsLHwiS05ige5BEA=="
		},
		"ws": {
			"version": "5.1.1",
			"resolved": "https://registry.npmjs.org/ws/-/ws-5.1.1.tgz",
			"integrity": "sha512-bOusvpCb09TOBLbpMKszd45WKC2KPtxiyiHanv+H2DE3Az+1db5a/L7sVJZVDPUC1Br8f0SKRr1KjLpD1U/IAw==",
			"requires": {
				"async-limiter": "~1.0.0"
			}
		}
	}
}
