# THIS IS AN AUTOGENERATED FILE. DO NOT EDIT THIS FILE DIRECTLY.
# yarn lockfile v1


"@meteor-it/ajson@^0.4.3":
  version "0.4.3"
  resolved "https://registry.yarnpkg.com/@meteor-it/ajson/-/ajson-0.4.3.tgz#be54c875b82784406e6d1bb7bf813541e2484031"
  integrity sha512-JWtjufvJNMk9UmfjCjrezajuhORiD+UOMPccNagOBwyWzjfYfq83IXZ3ZCRC6P4uhDLHDiAkm+Nk782faBWjmQ==

"@meteor-it/fs@^1.0.5":
  version "1.0.5"
  resolved "https://registry.yarnpkg.com/@meteor-it/fs/-/fs-1.0.5.tgz#c0987a1965c847ffa2169f2d5564522df4dd195d"
  integrity sha512-UdLyWCU5f+XRytyCOAtVL4mTJEtXVed6ig9ebwGCIICy+KxN8Dh1laqjQsUg3q/qNzkuCRp/GYImP2G4D8YtHA==
  dependencies:
    "@meteor-it/utils" "^1.3.4"

"@meteor-it/logger@^2.3.8":
  version "2.3.8"
  resolved "https://registry.yarnpkg.com/@meteor-it/logger/-/logger-2.3.8.tgz#aaa3546375296e7e6c7b043255bcdcd23104e312"
  integrity sha512-b+hffGN1plaLIzfgl1jv6EZFM8mN2LymbWkuVK8s6U/0HxNBk7sj0bAFwUrzM3n5VWeMDl3JTr+CCY6EwXKpZQ==
  dependencies:
    "@meteor-it/terminal" "^0.5.8"
    "@meteor-it/utils" "^1.3.4"

"@meteor-it/mime@^0.4.6":
  version "0.4.6"
  resolved "https://registry.yarnpkg.com/@meteor-it/mime/-/mime-0.4.6.tgz#54e06ce546479af323ab4765dbdf2b710de7be49"
  integrity sha512-yyqN91i/TWZ83kIFKeSAUMepWAImmSG6f3NOyKNpz644b091Bau64Jh9/Tsz6L/aOe1IQwVvt5LOYyFze/zQYw==

"@meteor-it/router@^2.1.10":
  version "2.1.10"
  resolved "https://registry.yarnpkg.com/@meteor-it/router/-/router-2.1.10.tgz#d0744380720706d05a80c597069d438df9911a79"
  integrity sha512-HlRSYjOgUIDGtzex1AdHPfRSP2KnKQKdADRRE83H51H3UVA6FSy/wG/y43X8LfFFcS3RPyHagpx7Ha0qpXZKTQ==
  dependencies:
    "@meteor-it/logger" "^2.3.8"
    "@meteor-it/utils" "^1.3.4"

"@meteor-it/terminal@^0.5.8":
  version "0.5.8"
  resolved "https://registry.yarnpkg.com/@meteor-it/terminal/-/terminal-0.5.8.tgz#56dd45086830b369b3b95bc642356d327814afdc"
  integrity sha512-07UY6MuyLjC408txybNsCN++m+ny+tFKncNimthp88zbIqeB/8C9CxacVr8A6e53cmBwuIy9k3TjgC9Fq8TRXg==

"@meteor-it/utils@^1.3.4":
  version "1.3.4"
  resolved "https://registry.yarnpkg.com/@meteor-it/utils/-/utils-1.3.4.tgz#6ddff26b7f812f6d39a88d1f6cc99b393db44819"
  integrity sha512-8D6L+0nj0E8NnMGq2Zuv79taUjiWJ3jJN1Hq63osL/zcTxslxmttyI+VjfL0+O0ctWSMeXN1EvLp2gX82hp3fg==

"@meteor-it/xpress@^4.2.6":
  version "4.2.6"
  resolved "https://registry.yarnpkg.com/@meteor-it/xpress/-/xpress-4.2.6.tgz#a6638b4ebeaacfa07d4f0cf215b3f9949f878831"
  integrity sha512-tcREunoQC/WwV2uECI+WMN+GKaSqIwImvJadnr3+zeRj0WdS20s+3tlCaJlJCPNtcOmCuosCaY955wm9SDDYjg==
  dependencies:
    "@meteor-it/ajson" "^0.4.3"
    "@meteor-it/fs" "^1.0.5"
    "@meteor-it/logger" "^2.3.8"
    "@meteor-it/mime" "^0.4.6"
    "@meteor-it/router" "^2.1.10"
    "@meteor-it/utils" "^1.3.4"
    uws "10.148.1"
  optionalDependencies:
    express-session "^1.15.6"

"@types/hoist-non-react-statics@^3.0.1":
  version "3.0.1"
  resolved "https://registry.yarnpkg.com/@types/hoist-non-react-statics/-/hoist-non-react-statics-3.0.1.tgz#dde7c53101912dae8f45a1807f9857a59ddf3919"
  integrity sha512-3wTz66vV+WatOAjMST+hKCmo01KYPFgnsu+QeLcn0FuwPCoymX6aj1a4RvFCdVsfh2m0hfTPhE/zTv4M28ho1Q==
  dependencies:
    "@types/react" "*"

"@types/node@*":
  version "10.12.9"
  resolved "https://registry.yarnpkg.com/@types/node/-/node-10.12.9.tgz#a07bfa74331471e1dc22a47eb72026843f7b95c8"
  integrity sha512-eajkMXG812/w3w4a1OcBlaTwsFPO5F7fJ/amy+tieQxEMWBlbV1JGSjkFM+zkHNf81Cad+dfIRA+IBkvmvdAeA==

"@types/prop-types@*":
  version "15.5.6"
  resolved "https://registry.yarnpkg.com/@types/prop-types/-/prop-types-15.5.6.tgz#9c03d3fed70a8d517c191b7734da2879b50ca26c"
  integrity sha512-ZBFR7TROLVzCkswA3Fmqq+IIJt62/T7aY/Dmz+QkU7CaW2QFqAitCE8Ups7IzmGhcN1YWMBT4Qcoc07jU9hOJQ==

"@types/react-dom@^16.0.9":
  version "16.0.9"
  resolved "https://registry.yarnpkg.com/@types/react-dom/-/react-dom-16.0.9.tgz#73ceb7abe6703822eab6600e65c5c52efd07fb91"
  integrity sha512-4Z0bW+75zeQgsEg7RaNuS1k9MKhci7oQqZXxrV5KUGIyXZHHAAL3KA4rjhdH8o6foZ5xsRMSqkoM5A3yRVPR5w==
  dependencies:
    "@types/node" "*"
    "@types/react" "*"

"@types/react@*", "@types/react@^16.4.18":
  version "16.7.6"
  resolved "https://registry.yarnpkg.com/@types/react/-/react-16.7.6.tgz#80e4bab0d0731ad3ae51f320c4b08bdca5f03040"
  integrity sha512-QBUfzftr/8eg/q3ZRgf/GaDP6rTYc7ZNem+g4oZM38C9vXyV8AWRWaTQuW5yCoZTsfHrN7b3DeEiUnqH9SrnpA==
  dependencies:
    "@types/prop-types" "*"
    csstype "^2.2.0"

cookie-signature@1.0.6:
  version "1.0.6"
  resolved "https://registry.yarnpkg.com/cookie-signature/-/cookie-signature-1.0.6.tgz#e303a882b342cc3ee8ca513a79999734dab3ae2c"
  integrity sha1-4wOogrNCzD7oylE6eZmXNNqzriw=

cookie@0.3.1:
  version "0.3.1"
  resolved "https://registry.yarnpkg.com/cookie/-/cookie-0.3.1.tgz#e7e0a1f9ef43b4c8ba925c5c5a96e806d16873bb"
  integrity sha1-5+Ch+e9DtMi6klxcWpboBtFoc7s=

crc@3.4.4:
  version "3.4.4"
  resolved "https://registry.yarnpkg.com/crc/-/crc-3.4.4.tgz#9da1e980e3bd44fc5c93bf5ab3da3378d85e466b"
  integrity sha1-naHpgOO9RPxck79as9ozeNheRms=

csstype@^2.2.0:
  version "2.5.7"
  resolved "https://registry.yarnpkg.com/csstype/-/csstype-2.5.7.tgz#bf9235d5872141eccfb2d16d82993c6b149179ff"
  integrity sha512-Nt5VDyOTIIV4/nRFswoCKps1R5CD1hkiyjBE9/thNaNZILLEviVw9yWQw15+O+CpNjQKB/uvdcxFFOrSflY3Yw==

debug@2.6.9:
  version "2.6.9"
  resolved "https://registry.yarnpkg.com/debug/-/debug-2.6.9.tgz#5d128515df134ff327e90a4c93f4e077a536341f"
  integrity sha512-bC7ElrdJaJnPbAP+1EotYvqZsb3ecl5wi6Bfi6BJTUcNowp6cvspg0jXznRTKDjm/E7AdgFBVeAPVMNcKGsHMA==
  dependencies:
    ms "2.0.0"

depd@~1.1.1:
  version "1.1.2"
  resolved "https://registry.yarnpkg.com/depd/-/depd-1.1.2.tgz#9bcd52e14c097763e749b274c4346ed2e560b5a9"
  integrity sha1-m81S4UwJd2PnSbJ0xDRu0uVgtak=

express-session@^1.15.6:
  version "1.15.6"
  resolved "https://registry.yarnpkg.com/express-session/-/express-session-1.15.6.tgz#47b4160c88f42ab70fe8a508e31cbff76757ab0a"
  integrity sha512-r0nrHTCYtAMrFwZ0kBzZEXa1vtPVrw0dKvGSrKP4dahwBQ1BJpF2/y1Pp4sCD/0kvxV4zZeclyvfmw0B4RMJQA==
  dependencies:
    cookie "0.3.1"
    cookie-signature "1.0.6"
    crc "3.4.4"
    debug "2.6.9"
    depd "~1.1.1"
    on-headers "~1.0.1"
    parseurl "~1.3.2"
    uid-safe "~2.1.5"
    utils-merge "1.0.1"

hoist-non-react-statics@^3.0.0, hoist-non-react-statics@^3.1.0:
  version "3.1.0"
  resolved "https://registry.yarnpkg.com/hoist-non-react-statics/-/hoist-non-react-statics-3.1.0.tgz#42414ccdfff019cd2168168be998c7b3bd5245c0"
  integrity sha512-MYcYuROh7SBM69xHGqXEwQqDux34s9tz+sCnxJmN18kgWh6JFdTw/5YdZtqsOdZJXddE/wUpCzfEdDrJj8p0Iw==
  dependencies:
    react-is "^16.3.2"

"js-tokens@^3.0.0 || ^4.0.0":
  version "4.0.0"
  resolved "https://registry.yarnpkg.com/js-tokens/-/js-tokens-4.0.0.tgz#19203fb59991df98e3a287050d4647cdeaf32499"
  integrity sha512-RdJUflcE3cUzKiMqQgsCu06FPu9UdIJO0beYbPhHN4k6apgJtifcoCtT9bcxOpYBtpD2kCM6Sbzg4CausW/PKQ==

loose-envify@^1.1.0, loose-envify@^1.3.1:
  version "1.4.0"
  resolved "https://registry.yarnpkg.com/loose-envify/-/loose-envify-1.4.0.tgz#71ee51fa7be4caec1a63839f7e682d8132d30caf"
  integrity sha512-lyuxPGr/Wfhrlem2CL/UcnUc1zcqKAImBDzukY7Y5F/yQiNdko6+fRLevlw1HgMySw7f611UIY408EtxRSoK3Q==
  dependencies:
    js-tokens "^3.0.0 || ^4.0.0"

mobx-react@^5.3.6:
  version "5.3.6"
  resolved "https://registry.yarnpkg.com/mobx-react/-/mobx-react-5.3.6.tgz#0bead0173aed7d12ace4981b53c28db4d61de9ef"
  integrity sha512-u0ehjkyMllnt+SQ/G5BACxwi4VkJOqDVauA7cL8UvDi4oLO1ID9Z5c/nudTdIAmtsDDhJSxW85mrgsA2Iv/56Q==
  dependencies:
    hoist-non-react-statics "^3.0.0"
    react-lifecycles-compat "^3.0.2"

mobx@^5.5.0:
  version "5.6.0"
  resolved "https://registry.yarnpkg.com/mobx/-/mobx-5.6.0.tgz#e381c357e0ed7685a99a896455ecc66ff5ab84ee"
  integrity sha512-xrA0tBnSMANXCDjS2W/6YTasesA8mkg9o+v/Bw/OcbXaRVE6/soVwDMWIh7A6TwMDY4tYQprQJZ5WQN1TRSb3A==

ms@2.0.0:
  version "2.0.0"
  resolved "https://registry.yarnpkg.com/ms/-/ms-2.0.0.tgz#5608aeadfc00be6c2901df5f9861788de0d597c8"
  integrity sha1-VgiurfwAvmwpAd9fmGF4jeDVl8g=

object-assign@^4.1.1:
  version "4.1.1"
  resolved "https://registry.yarnpkg.com/object-assign/-/object-assign-4.1.1.tgz#2109adc7965887cfc05cbbd442cac8bfbb360863"
  integrity sha1-IQmtx5ZYh8/AXLvUQsrIv7s2CGM=

on-headers@~1.0.1:
  version "1.0.1"
  resolved "https://registry.yarnpkg.com/on-headers/-/on-headers-1.0.1.tgz#928f5d0f470d49342651ea6794b0857c100693f7"
  integrity sha1-ko9dD0cNSTQmUepnlLCFfBAGk/c=

parseurl@~1.3.2:
  version "1.3.2"
  resolved "https://registry.yarnpkg.com/parseurl/-/parseurl-1.3.2.tgz#fc289d4ed8993119460c156253262cdc8de65bf3"
  integrity sha1-/CidTtiZMRlGDBViUyYs3I3mW/M=

prop-types@^15.6.2:
  version "15.6.2"
  resolved "https://registry.yarnpkg.com/prop-types/-/prop-types-15.6.2.tgz#05d5ca77b4453e985d60fc7ff8c859094a497102"
  integrity sha512-3pboPvLiWD7dkI3qf3KbUe6hKFKa52w+AE0VCqECtf+QHAKgOL37tTaNCnuX1nAAQ4ZhyP+kYVKf8rLmJ/feDQ==
  dependencies:
    loose-envify "^1.3.1"
    object-assign "^4.1.1"

random-bytes@~1.0.0:
  version "1.0.0"
  resolved "https://registry.yarnpkg.com/random-bytes/-/random-bytes-1.0.0.tgz#4f68a1dc0ae58bd3fb95848c30324db75d64360b"
  integrity sha1-T2ih3Arli9P7lYSMMDJNt11kNgs=

react-dom@^16.6.0:
  version "16.6.3"
  resolved "https://registry.yarnpkg.com/react-dom/-/react-dom-16.6.3.tgz#8fa7ba6883c85211b8da2d0efeffc9d3825cccc0"
  integrity sha512-8ugJWRCWLGXy+7PmNh8WJz3g1TaTUt1XyoIcFN+x0Zbkoz+KKdUyx1AQLYJdbFXjuF41Nmjn5+j//rxvhFjgSQ==
  dependencies:
    loose-envify "^1.1.0"
    object-assign "^4.1.1"
    prop-types "^15.6.2"
    scheduler "^0.11.2"

react-is@^16.3.2:
  version "16.6.3"
  resolved "https://registry.yarnpkg.com/react-is/-/react-is-16.6.3.tgz#d2d7462fcfcbe6ec0da56ad69047e47e56e7eac0"
  integrity sha512-u7FDWtthB4rWibG/+mFbVd5FvdI20yde86qKGx4lVUTWmPlSWQ4QxbBIrrs+HnXGbxOUlUzTAP/VDmvCwaP2yA==

react-lifecycles-compat@^3.0.2:
  version "3.0.4"
  resolved "https://registry.yarnpkg.com/react-lifecycles-compat/-/react-lifecycles-compat-3.0.4.tgz#4f1a273afdfc8f3488a8c516bfda78f872352362"
  integrity sha512-fBASbA6LnOU9dOU2eW7aQ8xmYBSXUIWr+UmF9b1efZBazGNO+rcXT/icdKnYm2pTwcRylVUYwW7H1PHfLekVzA==

react@^16.6.0:
  version "16.6.3"
  resolved "https://registry.yarnpkg.com/react/-/react-16.6.3.tgz#25d77c91911d6bbdd23db41e70fb094cc1e0871c"
  integrity sha512-zCvmH2vbEolgKxtqXL2wmGCUxUyNheYn/C+PD1YAjfxHC54+MhdruyhO7QieQrYsYeTxrn93PM2y0jRH1zEExw==
  dependencies:
    loose-envify "^1.1.0"
    object-assign "^4.1.1"
    prop-types "^15.6.2"
    scheduler "^0.11.2"

scheduler@^0.11.2:
  version "0.11.2"
  resolved "https://registry.yarnpkg.com/scheduler/-/scheduler-0.11.2.tgz#a8db5399d06eba5abac51b705b7151d2319d33d3"
  integrity sha512-+WCP3s3wOaW4S7C1tl3TEXp4l9lJn0ZK8G3W3WKRWmw77Z2cIFUW2MiNTMHn5sCjxN+t7N43HAOOgMjyAg5hlg==
  dependencies:
    loose-envify "^1.1.0"
    object-assign "^4.1.1"

uid-safe@~2.1.5:
  version "2.1.5"
  resolved "https://registry.yarnpkg.com/uid-safe/-/uid-safe-2.1.5.tgz#2b3d5c7240e8fc2e58f8aa269e5ee49c0857bd3a"
  integrity sha512-KPHm4VL5dDXKz01UuEd88Df+KzynaohSL9fBh096KWAxSKZQDI2uBrVqtvRM4rwrIrRRKsdLNML/lnaaVSRioA==
  dependencies:
    random-bytes "~1.0.0"

utils-merge@1.0.1:
  version "1.0.1"
  resolved "https://registry.yarnpkg.com/utils-merge/-/utils-merge-1.0.1.tgz#9f95710f50a267947b2ccc124741c1028427e713"
  integrity sha1-n5VxD1CiZ5R7LMwSR0HBAoQn5xM=

uws@10.148.1:
  version "10.148.1"
  resolved "https://registry.yarnpkg.com/uws/-/uws-10.148.1.tgz#fd1a79cf6118a388e0a1bed8a1397030d2c4fd2c"
  integrity sha1-/Rp5z2EYo4jgob7YoTlwMNLE/Sw=
