# THIS IS AN AUTOGENERATED FILE. DO NOT EDIT THIS FILE DIRECTLY.
# yarn lockfile v1


"@meteor-it/ajson@^0.4.20":
  version "0.4.20"
  resolved "https://registry.yarnpkg.com/@meteor-it/ajson/-/ajson-0.4.20.tgz#817bd943eb14310f281076eaabbdff0ac6dcb246"
  integrity sha512-8zz6zcrzk8WrgpVnaMkzRNWo8LFnI2cAI/Kr/oz5hnOCyd3/04yOcOuHtyiF6JG1eLu1casR6+69LRMBZHp+tg==

"@meteor-it/fs@^1.2.20":
  version "1.2.20"
  resolved "https://registry.yarnpkg.com/@meteor-it/fs/-/fs-1.2.20.tgz#a6d7b9a9dbcaa336b6d0aea90c2dafaa1b1f95de"
  integrity sha512-wR2pG/1AOURxB+hjfLaLWlBG5L/OpisebC320An1FCeCRJ3waZzbvcaCPuIyAW34TvzqY8kA5GhBhA6GUib8pg==
  dependencies:
    "@meteor-it/utils" "^1.3.33"

"@meteor-it/logger@^2.3.45":
  version "2.3.45"
  resolved "https://registry.yarnpkg.com/@meteor-it/logger/-/logger-2.3.45.tgz#3b2fe8e1777e2f210e22a04e8e92cca397ee72f1"
  integrity sha512-njnr7tJ/Zmenp+YyIiO0dAxo9v6Zz/GUkGjVxurs0jigFfkHNxXahX7JixgWL5Apgce8K1KnVKGIAIEfVYiEig==
  dependencies:
    "@meteor-it/terminal" "^0.5.25"
    "@meteor-it/utils" "^1.3.33"

"@meteor-it/mime@^0.4.23":
  version "0.4.23"
  resolved "https://registry.yarnpkg.com/@meteor-it/mime/-/mime-0.4.23.tgz#a4e075a2da2ab5a66220eb623d36e88ed87ea5f3"
  integrity sha512-sVWT0WoyBKyw9h9QySCsduIQMtS82rkS2E8sgaAybIYZ6phs/h7lmrcfJv273ML0Cy09ExgOavrRu7K13DTY7A==

"@meteor-it/router@^2.1.48":
  version "2.1.48"
  resolved "https://registry.yarnpkg.com/@meteor-it/router/-/router-2.1.48.tgz#1a4ab27c099088d6281a28779dda2f1f21e3c6ae"
  integrity sha512-54WQXhxl97fiQP/z8z0J/gUSkxqw3bY7xpQS5cgu6K8SfXAbpGr26spK0BOI5ZnaX0DVmtgJa7Dexb8DhyhXNg==
  dependencies:
    "@meteor-it/logger" "^2.3.45"
    "@meteor-it/utils" "^1.3.33"
    path-to-regexp "6.1.0"

"@meteor-it/terminal@^0.5.25":
  version "0.5.25"
  resolved "https://registry.yarnpkg.com/@meteor-it/terminal/-/terminal-0.5.25.tgz#6361944e79997a9a6600c1a566a77a6cb7a6f866"
  integrity sha512-SDORSrTY39fEMe/hM5FWr7+gh0ikTNeGLbpJIigRS4DUID3sECNhlNtMmKMFs88vhfKUtKw7aeUGNiDZckOGEw==

"@meteor-it/utils@^1.3.33":
  version "1.3.33"
  resolved "https://registry.yarnpkg.com/@meteor-it/utils/-/utils-1.3.33.tgz#f7fb12737b6279cfee97f3b14337fb5da8707157"
  integrity sha512-GzcaZbj0SUf8+2f3yb/GGQldJwCGfg4+L+nqeqx9TpE7jQm2mIPZ/VYmATZpSc8eFPTFZtisHag0jKYpWGSHPQ==

"@meteor-it/xpress@^4.2.67":
  version "4.2.67"
  resolved "https://registry.yarnpkg.com/@meteor-it/xpress/-/xpress-4.2.67.tgz#4feae5999150ff049877d263725a5951132f41ab"
  integrity sha512-BdjNLOPl0MA1NM9c9qZuElBs+LN9o7Sch+7vz3fyaVHYWH/Q9ZMHVIZ+qDlcZPj1+ylwMP7DJiKB9MWUeAEtxQ==
  dependencies:
    "@meteor-it/ajson" "^0.4.20"
    "@meteor-it/fs" "^1.2.20"
    "@meteor-it/logger" "^2.3.45"
    "@meteor-it/mime" "^0.4.23"
    "@meteor-it/router" "^2.1.48"
    "@meteor-it/utils" "^1.3.33"
    "@types/express-session" "^1.15.14"
    express-session "^1.16.2"
    ws "^7.1.2"

"@types/body-parser@*":
  version "1.19.0"
  resolved "https://registry.yarnpkg.com/@types/body-parser/-/body-parser-1.19.0.tgz#0685b3c47eb3006ffed117cdd55164b61f80538f"
  integrity sha512-W98JrE0j2K78swW4ukqMleo8R7h/pFETjM2DQ90MF6XK2i4LO4W3gQ71Lt4w3bfm2EvVSyWHplECvB5sK22yFQ==
  dependencies:
    "@types/connect" "*"
    "@types/node" "*"

"@types/connect@*":
  version "3.4.33"
  resolved "https://registry.yarnpkg.com/@types/connect/-/connect-3.4.33.tgz#31610c901eca573b8713c3330abc6e6b9f588546"
  integrity sha512-2+FrkXY4zllzTNfJth7jOqEHC+enpLeGslEhpnTAkg21GkRrWV4SsAtqchtT4YS9/nODBU2/ZfsBY2X4J/dX7A==
  dependencies:
    "@types/node" "*"

"@types/express-serve-static-core@*":
  version "4.17.8"
  resolved "https://registry.yarnpkg.com/@types/express-serve-static-core/-/express-serve-static-core-4.17.8.tgz#b8f7b714138536742da222839892e203df569d1c"
  integrity sha512-1SJZ+R3Q/7mLkOD9ewCBDYD2k0WyZQtWYqF/2VvoNN2/uhI49J9CDN4OAm+wGMA0DbArA4ef27xl4+JwMtGggw==
  dependencies:
    "@types/node" "*"
    "@types/qs" "*"
    "@types/range-parser" "*"

"@types/express-session@^1.15.14":
  version "1.17.0"
  resolved "https://registry.yarnpkg.com/@types/express-session/-/express-session-1.17.0.tgz#770daf81368f6278e3e40dd894e1e52abbdca0cd"
  integrity sha512-OQEHeBFE1UhChVIBhRh9qElHUvTp4BzKKHxMDkGHT7WuYk5eL93hPG7D8YAIkoBSbhNEY0RjreF15zn+U0eLjA==
  dependencies:
    "@types/express" "*"
    "@types/node" "*"

"@types/express@*":
  version "4.17.7"
  resolved "https://registry.yarnpkg.com/@types/express/-/express-4.17.7.tgz#42045be6475636d9801369cd4418ef65cdb0dd59"
  integrity sha512-dCOT5lcmV/uC2J9k0rPafATeeyz+99xTt54ReX11/LObZgfzJqZNcW27zGhYyX+9iSEGXGt5qLPwRSvBZcLvtQ==
  dependencies:
    "@types/body-parser" "*"
    "@types/express-serve-static-core" "*"
    "@types/qs" "*"
    "@types/serve-static" "*"

"@types/hoist-non-react-statics@^3.3.1":
  version "3.3.1"
  resolved "https://registry.yarnpkg.com/@types/hoist-non-react-statics/-/hoist-non-react-statics-3.3.1.tgz#1124aafe5118cb591977aeb1ceaaed1070eb039f"
  integrity sha512-iMIqiko6ooLrTh1joXodJK5X9xeEALT1kM5G3ZLhD3hszxBdIEd5C75U834D9mLcINgD4OyZf5uQXjkuYydWvA==
  dependencies:
    "@types/react" "*"
    hoist-non-react-statics "^3.3.0"

"@types/mime@*":
  version "2.0.2"
  resolved "https://registry.yarnpkg.com/@types/mime/-/mime-2.0.2.tgz#857a118d8634c84bba7ae14088e4508490cd5da5"
  integrity sha512-4kPlzbljFcsttWEq6aBW0OZe6BDajAmyvr2xknBG92tejQnvdGtT9+kXSZ580DqpxY9qG2xeQVF9Dq0ymUTo5Q==

"@types/node@*":
  version "10.12.9"
  resolved "https://registry.yarnpkg.com/@types/node/-/node-10.12.9.tgz#a07bfa74331471e1dc22a47eb72026843f7b95c8"
  integrity sha512-eajkMXG812/w3w4a1OcBlaTwsFPO5F7fJ/amy+tieQxEMWBlbV1JGSjkFM+zkHNf81Cad+dfIRA+IBkvmvdAeA==

"@types/prop-types@*":
  version "15.5.6"
  resolved "https://registry.yarnpkg.com/@types/prop-types/-/prop-types-15.5.6.tgz#9c03d3fed70a8d517c191b7734da2879b50ca26c"
  integrity sha512-ZBFR7TROLVzCkswA3Fmqq+IIJt62/T7aY/Dmz+QkU7CaW2QFqAitCE8Ups7IzmGhcN1YWMBT4Qcoc07jU9hOJQ==

"@types/qs@*":
  version "6.9.3"
  resolved "https://registry.yarnpkg.com/@types/qs/-/qs-6.9.3.tgz#b755a0934564a200d3efdf88546ec93c369abd03"
  integrity sha512-7s9EQWupR1fTc2pSMtXRQ9w9gLOcrJn+h7HOXw4evxyvVqMi4f+q7d2tnFe3ng3SNHjtK+0EzGMGFUQX4/AQRA==

"@types/range-parser@*":
  version "1.2.3"
  resolved "https://registry.yarnpkg.com/@types/range-parser/-/range-parser-1.2.3.tgz#7ee330ba7caafb98090bece86a5ee44115904c2c"
  integrity sha512-ewFXqrQHlFsgc09MK5jP5iR7vumV/BYayNC6PgJO2LPe8vrnNFyjQjSppfEngITi0qvfKtzFvgKymGheFM9UOA==

"@types/react-dom@^16.0.9":
  version "16.0.9"
  resolved "https://registry.yarnpkg.com/@types/react-dom/-/react-dom-16.0.9.tgz#73ceb7abe6703822eab6600e65c5c52efd07fb91"
  integrity sha512-4Z0bW+75zeQgsEg7RaNuS1k9MKhci7oQqZXxrV5KUGIyXZHHAAL3KA4rjhdH8o6foZ5xsRMSqkoM5A3yRVPR5w==
  dependencies:
    "@types/node" "*"
    "@types/react" "*"

"@types/react@*", "@types/react@^16.4.18":
  version "16.7.6"
  resolved "https://registry.yarnpkg.com/@types/react/-/react-16.7.6.tgz#80e4bab0d0731ad3ae51f320c4b08bdca5f03040"
  integrity sha512-QBUfzftr/8eg/q3ZRgf/GaDP6rTYc7ZNem+g4oZM38C9vXyV8AWRWaTQuW5yCoZTsfHrN7b3DeEiUnqH9SrnpA==
  dependencies:
    "@types/prop-types" "*"
    csstype "^2.2.0"

"@types/serve-static@*":
  version "1.13.4"
  resolved "https://registry.yarnpkg.com/@types/serve-static/-/serve-static-1.13.4.tgz#6662a93583e5a6cabca1b23592eb91e12fa80e7c"
  integrity sha512-jTDt0o/YbpNwZbQmE/+2e+lfjJEJJR0I3OFaKQKPWkASkCoW3i6fsUnqudSMcNAfbtmADGu8f4MV4q+GqULmug==
  dependencies:
    "@types/express-serve-static-core" "*"
    "@types/mime" "*"

async-limiter@~1.0.0:
  version "1.0.1"
  resolved "https://registry.yarnpkg.com/async-limiter/-/async-limiter-1.0.1.tgz#dd379e94f0db8310b08291f9d64c3209766617fd"
  integrity sha512-csOlWGAcRFJaI6m+F2WKdnMKr4HhdhFVBk0H/QbJFMCr+uO2kwohwXQPxw/9OCxp05r5ghVBFSyioixx3gfkNQ==

base-64@0.1.0:
  version "0.1.0"
  resolved "https://registry.yarnpkg.com/base-64/-/base-64-0.1.0.tgz#780a99c84e7d600260361511c4877613bf24f6bb"
  integrity sha1-eAqZyE59YAJgNhURxId2E78k9rs=

clone@2.1.1:
  version "2.1.1"
  resolved "https://registry.yarnpkg.com/clone/-/clone-2.1.1.tgz#d217d1e961118e3ac9a4b8bba3285553bf647cdb"
  integrity sha1-0hfR6WERjjrJpLi7oyhVU79kfNs=

component-emitter@1.2.1:
  version "1.2.1"
  resolved "https://registry.yarnpkg.com/component-emitter/-/component-emitter-1.2.1.tgz#137918d6d78283f7df7a6b7c5a63e140e69425e6"
  integrity sha1-E3kY1teCg/ffemt8WmPhQOaUJeY=

cookie-signature@1.0.6:
  version "1.0.6"
  resolved "https://registry.yarnpkg.com/cookie-signature/-/cookie-signature-1.0.6.tgz#e303a882b342cc3ee8ca513a79999734dab3ae2c"
  integrity sha1-4wOogrNCzD7oylE6eZmXNNqzriw=

cookie@0.4.0:
  version "0.4.0"
  resolved "https://registry.yarnpkg.com/cookie/-/cookie-0.4.0.tgz#beb437e7022b3b6d49019d088665303ebe9c14ba"
  integrity sha512-+Hp8fLp57wnUSt0tY0tHEXh4voZRDnoIrZPqlo3DPiI4y9lwg/jqx+1Om94/W6ZaPDOUbnjOt/99w66zk+l1Xg==

csstype@^2.2.0:
  version "2.5.7"
  resolved "https://registry.yarnpkg.com/csstype/-/csstype-2.5.7.tgz#bf9235d5872141eccfb2d16d82993c6b149179ff"
  integrity sha512-Nt5VDyOTIIV4/nRFswoCKps1R5CD1hkiyjBE9/thNaNZILLEviVw9yWQw15+O+CpNjQKB/uvdcxFFOrSflY3Yw==

debug@2.6.9:
  version "2.6.9"
  resolved "https://registry.yarnpkg.com/debug/-/debug-2.6.9.tgz#5d128515df134ff327e90a4c93f4e077a536341f"
  integrity sha512-bC7ElrdJaJnPbAP+1EotYvqZsb3ecl5wi6Bfi6BJTUcNowp6cvspg0jXznRTKDjm/E7AdgFBVeAPVMNcKGsHMA==
  dependencies:
    ms "2.0.0"

depd@~2.0.0:
  version "2.0.0"
  resolved "https://registry.yarnpkg.com/depd/-/depd-2.0.0.tgz#b696163cc757560d09cf22cc8fad1571b79e76df"
  integrity sha512-g7nH6P6dyDioJogAAGprGpCtVImJhpPk/roCzdb3fIh61/s/nPsfR6onyMwkCAR/OlC3yBC0lESvUoQEAssIrw==

express-session@^1.16.2:
  version "1.17.1"
  resolved "https://registry.yarnpkg.com/express-session/-/express-session-1.17.1.tgz#36ecbc7034566d38c8509885c044d461c11bf357"
  integrity sha512-UbHwgqjxQZJiWRTMyhvWGvjBQduGCSBDhhZXYenziMFjxst5rMV+aJZ6hKPHZnPyHGsrqRICxtX8jtEbm/z36Q==
  dependencies:
    cookie "0.4.0"
    cookie-signature "1.0.6"
    debug "2.6.9"
    depd "~2.0.0"
    on-headers "~1.0.2"
    parseurl "~1.3.3"
    safe-buffer "5.2.0"
    uid-safe "~2.1.5"

get-params@^0.1.2:
  version "0.1.2"
  resolved "https://registry.yarnpkg.com/get-params/-/get-params-0.1.2.tgz#bae0dfaba588a0c60d7834c0d8dc2ff60eeef2fe"
  integrity sha1-uuDfq6WIoMYNeDTA2Nwv9g7u8v4=

hoist-non-react-statics@^3.3.0, hoist-non-react-statics@^3.3.1:
  version "3.3.1"
  resolved "https://registry.yarnpkg.com/hoist-non-react-statics/-/hoist-non-react-statics-3.3.1.tgz#101685d3aff3b23ea213163f6e8e12f4f111e19f"
  integrity sha512-wbg3bpgA/ZqWrZuMOeJi8+SKMhr7X9TesL/rXMjTzh0p0JUBo3II8DHboYbuIXWRlttrUFxwcu/5kygrCw8fJw==
  dependencies:
    react-is "^16.7.0"

"js-tokens@^3.0.0 || ^4.0.0":
  version "4.0.0"
  resolved "https://registry.yarnpkg.com/js-tokens/-/js-tokens-4.0.0.tgz#19203fb59991df98e3a287050d4647cdeaf32499"
  integrity sha512-RdJUflcE3cUzKiMqQgsCu06FPu9UdIJO0beYbPhHN4k6apgJtifcoCtT9bcxOpYBtpD2kCM6Sbzg4CausW/PKQ==

jsan@^3.1.13, jsan@^3.1.3, jsan@^3.1.5, jsan@^3.1.9:
  version "3.1.13"
  resolved "https://registry.yarnpkg.com/jsan/-/jsan-3.1.13.tgz#4de8c7bf8d1cfcd020c313d438f930cec4b91d86"
  integrity sha512-9kGpCsGHifmw6oJet+y8HaCl14y7qgAsxVdV3pCHDySNR3BfDC30zgkssd7x5LRVAT22dnpbe9JdzzmXZnq9/g==

linked-list@0.1.0:
  version "0.1.0"
  resolved "https://registry.yarnpkg.com/linked-list/-/linked-list-0.1.0.tgz#798b0ff97d1b92a4fd08480f55aea4e9d49d37bf"
  integrity sha1-eYsP+X0bkqT9CEgPVa6k6dSdN78=

lodash@^4.17.11:
  version "4.17.19"
  resolved "https://registry.yarnpkg.com/lodash/-/lodash-4.17.19.tgz#e48ddedbe30b3321783c5b4301fbd353bc1e4a4b"
  integrity sha512-JNvd8XER9GQX0v2qJgsaN/mzFCNA5BRe/j8JN9d+tWyGLSodKQHKFicdwNYzWwI3wjRnaKPsGj1XkBjx/F96DQ==

loose-envify@^1.1.0, loose-envify@^1.3.1:
  version "1.4.0"
  resolved "https://registry.yarnpkg.com/loose-envify/-/loose-envify-1.4.0.tgz#71ee51fa7be4caec1a63839f7e682d8132d30caf"
  integrity sha512-lyuxPGr/Wfhrlem2CL/UcnUc1zcqKAImBDzukY7Y5F/yQiNdko6+fRLevlw1HgMySw7f611UIY408EtxRSoK3Q==
  dependencies:
    js-tokens "^3.0.0 || ^4.0.0"

mobx-react-lite@2.0.0-alpha.4:
  version "2.0.0-alpha.4"
  resolved "https://registry.yarnpkg.com/mobx-react-lite/-/mobx-react-lite-2.0.0-alpha.4.tgz#e6e4e52dfd2d4d8e8b2d3cdb277a6500172d3770"
  integrity sha512-Q72f0DNOhyZ5yg0ylqVLkICsSms2m3HVz6gvyDtFn4QzRpXiIT8kFENxMxGcSYTUsOHw/UeJYH1Qu+IvOkIaWA==

mobx-remotedev@0.3.6:
  version "0.3.6"
  resolved "https://registry.yarnpkg.com/mobx-remotedev/-/mobx-remotedev-0.3.6.tgz#d61cd4f197604af321ce81fdbd47c8195393798b"
  integrity sha512-m3sbk1NiJn+oDbGcdMzpqKtE6pYmzcToJK9OnW1AX5Mo0jUfGF6XkRyG6Nk0MftBGBR+TzL3hFpquHUN9s72wA==
  dependencies:
    jsan "^3.1.9"
    remotedev "^0.2.7"
    remotedev-utils "^0.1.4"

mobx@^5.15.0:
  version "5.15.0"
  resolved "https://registry.yarnpkg.com/mobx/-/mobx-5.15.0.tgz#3ef34ac4965169698eff6df72f18c2a735e8e7f8"
  integrity sha512-Ax7vE32zBRgO0A3Yu12RXaFwIhBzpGQXZjRHiDvKLrqpDEijhNTSuXJ1Ci+L30BSa/Mb3by9+3nuKq15YoH5dA==

ms@2.0.0:
  version "2.0.0"
  resolved "https://registry.yarnpkg.com/ms/-/ms-2.0.0.tgz#5608aeadfc00be6c2901df5f9861788de0d597c8"
  integrity sha1-VgiurfwAvmwpAd9fmGF4jeDVl8g=

nanoid@^1.0.1:
  version "1.3.4"
  resolved "https://registry.yarnpkg.com/nanoid/-/nanoid-1.3.4.tgz#ad89f62c9d1f4fd69710d4a90953d2893d2d31f4"
  integrity sha512-4ug4BsuHxiVHoRUe1ud6rUFT3WUMmjXt1W0quL0CviZQANdan7D8kqN5/maw53hmAApY/jfzMRkC57BNNs60ZQ==

object-assign@^4.1.1:
  version "4.1.1"
  resolved "https://registry.yarnpkg.com/object-assign/-/object-assign-4.1.1.tgz#2109adc7965887cfc05cbbd442cac8bfbb360863"
  integrity sha1-IQmtx5ZYh8/AXLvUQsrIv7s2CGM=

on-headers@~1.0.2:
  version "1.0.2"
  resolved "https://registry.yarnpkg.com/on-headers/-/on-headers-1.0.2.tgz#772b0ae6aaa525c399e489adfad90c403eb3c28f"
  integrity sha512-pZAE+FJLoyITytdqK0U5s+FIpjN0JP3OzFi/u8Rx+EV5/W+JTWGXG8xFzevE7AjBfDqHv/8vL8qQsIhHnqRkrA==

parseurl@~1.3.3:
  version "1.3.3"
  resolved "https://registry.yarnpkg.com/parseurl/-/parseurl-1.3.3.tgz#9da19e7bee8d12dff0513ed5b76957793bc2e8d4"
  integrity sha512-CiyeOxFT/JZyN5m0z9PfXw4SCBJ6Sygz1Dpl0wqjlhDEGGBP1GnsUVEL0p63hoG1fcj3fHynXi9NYO4nWOL+qQ==

path-to-regexp@6.1.0:
  version "6.1.0"
  resolved "https://registry.yarnpkg.com/path-to-regexp/-/path-to-regexp-6.1.0.tgz#0b18f88b7a0ce0bfae6a25990c909ab86f512427"
  integrity sha512-h9DqehX3zZZDCEm+xbfU0ZmwCGFCAAraPJWMXJ4+v32NjZJilVg3k1TcKsRgIb8IQ/izZSaydDc1OhJCZvs2Dw==

prop-types@^15.6.2:
  version "15.6.2"
  resolved "https://registry.yarnpkg.com/prop-types/-/prop-types-15.6.2.tgz#05d5ca77b4453e985d60fc7ff8c859094a497102"
  integrity sha512-3pboPvLiWD7dkI3qf3KbUe6hKFKa52w+AE0VCqECtf+QHAKgOL37tTaNCnuX1nAAQ4ZhyP+kYVKf8rLmJ/feDQ==
  dependencies:
    loose-envify "^1.3.1"
    object-assign "^4.1.1"

querystring@0.2.0, querystring@^0.2.0:
  version "0.2.0"
  resolved "https://registry.yarnpkg.com/querystring/-/querystring-0.2.0.tgz#b209849203bb25df820da756e747005878521620"
  integrity sha1-sgmEkgO7Jd+CDadW50cAWHhSFiA=

random-bytes@~1.0.0:
  version "1.0.0"
  resolved "https://registry.yarnpkg.com/random-bytes/-/random-bytes-1.0.0.tgz#4f68a1dc0ae58bd3fb95848c30324db75d64360b"
  integrity sha1-T2ih3Arli9P7lYSMMDJNt11kNgs=

react-dom@16.12.0:
  version "16.12.0"
  resolved "https://registry.yarnpkg.com/react-dom/-/react-dom-16.12.0.tgz#0da4b714b8d13c2038c9396b54a92baea633fe11"
  integrity sha512-LMxFfAGrcS3kETtQaCkTKjMiifahaMySFDn71fZUNpPHZQEzmk/GiAeIT8JSOrHB23fnuCOMruL2a8NYlw+8Gw==
  dependencies:
    loose-envify "^1.1.0"
    object-assign "^4.1.1"
    prop-types "^15.6.2"
    scheduler "^0.18.0"

react-is@^16.7.0:
  version "16.12.0"
  resolved "https://registry.yarnpkg.com/react-is/-/react-is-16.12.0.tgz#2cc0fe0fba742d97fd527c42a13bec4eeb06241c"
  integrity sha512-rPCkf/mWBtKc97aLL9/txD8DZdemK0vkA3JMLShjlJB3Pj3s+lpf1KaBzMfQrAmhMQB0n1cU/SUGgKKBCe837Q==

react@16.12.0:
  version "16.12.0"
  resolved "https://registry.yarnpkg.com/react/-/react-16.12.0.tgz#0c0a9c6a142429e3614834d5a778e18aa78a0b83"
  integrity sha512-fglqy3k5E+81pA8s+7K0/T3DBCF0ZDOher1elBFzF7O6arXJgzyu/FW+COxFvAWXJoJN9KIZbT2LXlukwphYTA==
  dependencies:
    loose-envify "^1.1.0"
    object-assign "^4.1.1"
    prop-types "^15.6.2"

remotedev-serialize@^0.1.0:
  version "0.1.8"
  resolved "https://registry.yarnpkg.com/remotedev-serialize/-/remotedev-serialize-0.1.8.tgz#c99cb184e7f71a906162abc404be8ce33810205f"
  integrity sha512-3YG/FDcOmiK22bl5oMRM8RRnbGrFEuPGjbcDG+z2xi5aQaNQNZ8lqoRnZTwXVfaZtutXuiAQOgPRrogzQk8edg==
  dependencies:
    jsan "^3.1.13"

remotedev-utils@^0.1.4:
  version "0.1.6"
  resolved "https://registry.yarnpkg.com/remotedev-utils/-/remotedev-utils-0.1.6.tgz#71c3427d59e7471433906778e99267c1ecbaf974"
  integrity sha512-YgEJBeDPtiMFOg25gWMhgyjkZwNIoRULPM7zIMMIVt0t0FhMljDwK2Z1/QHjnl9vKTjwbRSk09o6p2UFMrHN5Q==
  dependencies:
    get-params "^0.1.2"
    jsan "^3.1.5"
    lodash "^4.17.11"
    nanoid "^1.0.1"
    remotedev-serialize "^0.1.0"

remotedev@^0.2.7:
  version "0.2.9"
  resolved "https://registry.yarnpkg.com/remotedev/-/remotedev-0.2.9.tgz#a5f148704bc6bf6e46e93640cabb7b4ed3f7fc12"
  integrity sha512-W8dHOv9BcFnetFEd08yNb5O9Hd+zkTFFnf9FRjNCkb4u+JgQ/U152Aw4q83AmY3m34d6KZwhK5ip/Qc331+4vA==
  dependencies:
    jsan "^3.1.3"
    querystring "^0.2.0"
    rn-host-detect "^1.0.1"
    socketcluster-client "^13.0.0"

rn-host-detect@^1.0.1:
  version "1.2.0"
  resolved "https://registry.yarnpkg.com/rn-host-detect/-/rn-host-detect-1.2.0.tgz#8b0396fc05631ec60c1cb8789e5070cdb04d0da0"
  integrity sha512-btNg5kzHcjZZ7t7mvvV/4wNJ9e3MPgrWivkRgWURzXL0JJ0pwWlU4zrbmdlz3HHzHOxhBhHB4D+/dbMFfu4/4A==

safe-buffer@5.2.0:
  version "5.2.0"
  resolved "https://registry.yarnpkg.com/safe-buffer/-/safe-buffer-5.2.0.tgz#b74daec49b1148f88c64b68d49b1e815c1f2f519"
  integrity sha512-fZEwUGbVl7kouZs1jCdMLdt95hdIv0ZeHg6L7qPeciMZhZ+/gdesW4wgTARkrFWEpspjEATAzUGPG8N2jJiwbg==

sc-channel@^1.2.0:
  version "1.2.0"
  resolved "https://registry.yarnpkg.com/sc-channel/-/sc-channel-1.2.0.tgz#d9209f3a91e3fa694c66b011ce55c4ad8c3087d9"
  integrity sha512-M3gdq8PlKg0zWJSisWqAsMmTVxYRTpVRqw4CWAdKBgAfVKumFcTjoCV0hYu7lgUXccCtCD8Wk9VkkE+IXCxmZA==
  dependencies:
    component-emitter "1.2.1"

sc-errors@^1.4.0:
  version "1.4.1"
  resolved "https://registry.yarnpkg.com/sc-errors/-/sc-errors-1.4.1.tgz#53e80030fe647e133d73b51eaa7d2b0f7591fd5b"
  integrity sha512-dBn92iIonpChTxYLgKkIT/PCApvmYT6EPIbRvbQKTgY6tbEbIy8XVUv4pGyKwEK4nCmvX4TKXcN0iXC6tNW6rQ==

sc-formatter@^3.0.1:
  version "3.0.2"
  resolved "https://registry.yarnpkg.com/sc-formatter/-/sc-formatter-3.0.2.tgz#9abdb14e71873ce7157714d3002477bbdb33c4e6"
  integrity sha512-9PbqYBpCq+OoEeRQ3QfFIGE6qwjjBcd2j7UjgDlhnZbtSnuGgHdcRklPKYGuYFH82V/dwd+AIpu8XvA1zqTd+A==

scheduler@^0.18.0:
  version "0.18.0"
  resolved "https://registry.yarnpkg.com/scheduler/-/scheduler-0.18.0.tgz#5901ad6659bc1d8f3fdaf36eb7a67b0d6746b1c4"
  integrity sha512-agTSHR1Nbfi6ulI0kYNK0203joW2Y5W4po4l+v03tOoiJKpTBbxpNhWDvqc/4IcOw+KLmSiQLTasZ4cab2/UWQ==
  dependencies:
    loose-envify "^1.1.0"
    object-assign "^4.1.1"

socketcluster-client@^13.0.0:
  version "13.0.1"
  resolved "https://registry.yarnpkg.com/socketcluster-client/-/socketcluster-client-13.0.1.tgz#920e0a2437c228555e84f8ef0c9c5eb720e6067e"
  integrity sha512-hxiE2xz6mgaBlhXbtBa4POgWVEvIcjCoHzf5LTUVhI9IL8V2ltV3Ze8pQsi9egqTjSz4RHPfyrJ7BiETe5Kthw==
  dependencies:
    base-64 "0.1.0"
    clone "2.1.1"
    component-emitter "1.2.1"
    linked-list "0.1.0"
    querystring "0.2.0"
    sc-channel "^1.2.0"
    sc-errors "^1.4.0"
    sc-formatter "^3.0.1"
    uuid "3.2.1"
    ws "5.1.1"

uid-safe@~2.1.5:
  version "2.1.5"
  resolved "https://registry.yarnpkg.com/uid-safe/-/uid-safe-2.1.5.tgz#2b3d5c7240e8fc2e58f8aa269e5ee49c0857bd3a"
  integrity sha512-KPHm4VL5dDXKz01UuEd88Df+KzynaohSL9fBh096KWAxSKZQDI2uBrVqtvRM4rwrIrRRKsdLNML/lnaaVSRioA==
  dependencies:
    random-bytes "~1.0.0"

uuid@3.2.1:
  version "3.2.1"
  resolved "https://registry.yarnpkg.com/uuid/-/uuid-3.2.1.tgz#12c528bb9d58d0b9265d9a2f6f0fe8be17ff1f14"
  integrity sha512-jZnMwlb9Iku/O3smGWvZhauCf6cvvpKi4BKRiliS3cxnI+Gz9j5MEpTz2UFuXiKPJocb7gnsLHwiS05ige5BEA==

ws@5.1.1:
  version "5.1.1"
  resolved "https://registry.yarnpkg.com/ws/-/ws-5.1.1.tgz#1d43704689711ac1942fd2f283e38f825c4b8b95"
  integrity sha512-bOusvpCb09TOBLbpMKszd45WKC2KPtxiyiHanv+H2DE3Az+1db5a/L7sVJZVDPUC1Br8f0SKRr1KjLpD1U/IAw==
  dependencies:
    async-limiter "~1.0.0"

ws@^7.1.2:
  version "7.3.1"
  resolved "https://registry.yarnpkg.com/ws/-/ws-7.3.1.tgz#d0547bf67f7ce4f12a72dfe31262c68d7dc551c8"
  integrity sha512-D3RuNkynyHmEJIpD2qrgVkc9DQ23OrN/moAwZX4L8DfvszsJxpjQuUq3LMx6HoYji9fbIOBY18XWBsAux1ZZUA==
